// !$*UTF8*$!
{
	archiveVersion = 1;
	classes = {
	};
	objectVersion = 46;
	objects = {

/* Begin PBXBuildFile section */
		1AC6FB1F180E996B004C840B /* libbox2d Mac.a in Frameworks */ = {isa = PBXBuildFile; fileRef = 1AC6FAFF180E9839004C840B /* libbox2d Mac.a */; };
		1AC6FB20180E996B004C840B /* libchipmunk Mac.a in Frameworks */ = {isa = PBXBuildFile; fileRef = 1AC6FAFD180E9839004C840B /* libchipmunk Mac.a */; };
		1AC6FB21180E996B004C840B /* libcocos2dx Mac.a in Frameworks */ = {isa = PBXBuildFile; fileRef = 1AC6FAF9180E9839004C840B /* libcocos2dx Mac.a */; };
		1AC6FB22180E996B004C840B /* libcocos2dx-extensions Mac.a in Frameworks */ = {isa = PBXBuildFile; fileRef = 1AC6FAFB180E9839004C840B /* libcocos2dx-extensions Mac.a */; };
		1AC6FB23180E996B004C840B /* libCocosDenshion Mac.a in Frameworks */ = {isa = PBXBuildFile; fileRef = 1AC6FB01180E9839004C840B /* libCocosDenshion Mac.a */; };
		1AC6FB2E180E99EB004C840B /* libbox2d iOS.a in Frameworks */ = {isa = PBXBuildFile; fileRef = 1AC6FB0D180E9839004C840B /* libbox2d iOS.a */; };
		1AC6FB2F180E99EB004C840B /* libchipmunk iOS.a in Frameworks */ = {isa = PBXBuildFile; fileRef = 1AC6FB0B180E9839004C840B /* libchipmunk iOS.a */; };
		1AC6FB30180E99EB004C840B /* libcocos2dx iOS.a in Frameworks */ = {isa = PBXBuildFile; fileRef = 1AC6FB07180E9839004C840B /* libcocos2dx iOS.a */; };
		1AC6FB31180E99EB004C840B /* libcocos2dx-extensions iOS.a in Frameworks */ = {isa = PBXBuildFile; fileRef = 1AC6FB09180E9839004C840B /* libcocos2dx-extensions iOS.a */; };
		1AC6FB32180E99EB004C840B /* libCocosDenshion iOS.a in Frameworks */ = {isa = PBXBuildFile; fileRef = 1AC6FB0F180E9839004C840B /* libCocosDenshion iOS.a */; };
		1AFAF8B716D35DE700DB1158 /* AppDelegate.cpp in Sources */ = {isa = PBXBuildFile; fileRef = 1AFAF8B316D35DE700DB1158 /* AppDelegate.cpp */; };
		1AFAF8BC16D35E4900DB1158 /* CloseNormal.png in Resources */ = {isa = PBXBuildFile; fileRef = 1AFAF8B916D35E4900DB1158 /* CloseNormal.png */; };
		1AFAF8BD16D35E4900DB1158 /* CloseSelected.png in Resources */ = {isa = PBXBuildFile; fileRef = 1AFAF8BA16D35E4900DB1158 /* CloseSelected.png */; };
		1AFAF8BE16D35E4900DB1158 /* HelloWorld.png in Resources */ = {isa = PBXBuildFile; fileRef = 1AFAF8BB16D35E4900DB1158 /* HelloWorld.png */; };
		1D60589F0D05DD5A006BFB54 /* Foundation.framework in Frameworks */ = {isa = PBXBuildFile; fileRef = 1D30AB110D05D00D00671497 /* Foundation.framework */; };
		1DF5F4E00D08C38300B7A737 /* UIKit.framework in Frameworks */ = {isa = PBXBuildFile; fileRef = 1DF5F4DF0D08C38300B7A737 /* UIKit.framework */; };
		288765A50DF7441C002DB57D /* CoreGraphics.framework in Frameworks */ = {isa = PBXBuildFile; fileRef = 288765A40DF7441C002DB57D /* CoreGraphics.framework */; };
		503AE0F817EB97AB00D1A890 /* Icon.icns in Resources */ = {isa = PBXBuildFile; fileRef = 503AE0F617EB97AB00D1A890 /* Icon.icns */; };
		503AE10017EB989F00D1A890 /* AppController.mm in Sources */ = {isa = PBXBuildFile; fileRef = 503AE0FB17EB989F00D1A890 /* AppController.mm */; };
		503AE10117EB989F00D1A890 /* main.m in Sources */ = {isa = PBXBuildFile; fileRef = 503AE0FC17EB989F00D1A890 /* main.m */; };
		503AE10217EB989F00D1A890 /* RootViewController.mm in Sources */ = {isa = PBXBuildFile; fileRef = 503AE0FF17EB989F00D1A890 /* RootViewController.mm */; };
		503AE10517EB98FF00D1A890 /* main.cpp in Sources */ = {isa = PBXBuildFile; fileRef = 503AE10317EB98FF00D1A890 /* main.cpp */; };
		503AE11217EB99EE00D1A890 /* libcurl.dylib in Frameworks */ = {isa = PBXBuildFile; fileRef = 503AE11117EB99EE00D1A890 /* libcurl.dylib */; };
		503AE11B17EB9C5A00D1A890 /* IOKit.framework in Frameworks */ = {isa = PBXBuildFile; fileRef = 503AE11A17EB9C5A00D1A890 /* IOKit.framework */; };
		5087E75317EB910900C73F5D /* CloseNormal.png in Resources */ = {isa = PBXBuildFile; fileRef = 1AFAF8B916D35E4900DB1158 /* CloseNormal.png */; };
		5087E75417EB910900C73F5D /* CloseSelected.png in Resources */ = {isa = PBXBuildFile; fileRef = 1AFAF8BA16D35E4900DB1158 /* CloseSelected.png */; };
		5087E75517EB910900C73F5D /* HelloWorld.png in Resources */ = {isa = PBXBuildFile; fileRef = 1AFAF8BB16D35E4900DB1158 /* HelloWorld.png */; };
		5087E75717EB910900C73F5D /* AppDelegate.cpp in Sources */ = {isa = PBXBuildFile; fileRef = 1AFAF8B316D35DE700DB1158 /* AppDelegate.cpp */; };
		5087E76317EB910900C73F5D /* Foundation.framework in Frameworks */ = {isa = PBXBuildFile; fileRef = 1D30AB110D05D00D00671497 /* Foundation.framework */; };
		5087E76517EB910900C73F5D /* CoreGraphics.framework in Frameworks */ = {isa = PBXBuildFile; fileRef = 288765A40DF7441C002DB57D /* CoreGraphics.framework */; };
		5087E76717EB910900C73F5D /* libz.dylib in Frameworks */ = {isa = PBXBuildFile; fileRef = BF170DB412928DE900B8313A /* libz.dylib */; };
		5087E76817EB910900C73F5D /* QuartzCore.framework in Frameworks */ = {isa = PBXBuildFile; fileRef = BF1C47EA1293683800B63C5D /* QuartzCore.framework */; };
		5087E76917EB910900C73F5D /* OpenAL.framework in Frameworks */ = {isa = PBXBuildFile; fileRef = D44C620B132DFF330009C878 /* OpenAL.framework */; };
		5087E76A17EB910900C73F5D /* AVFoundation.framework in Frameworks */ = {isa = PBXBuildFile; fileRef = D44C620D132DFF430009C878 /* AVFoundation.framework */; };
		5087E76B17EB910900C73F5D /* AudioToolbox.framework in Frameworks */ = {isa = PBXBuildFile; fileRef = D44C620F132DFF4E0009C878 /* AudioToolbox.framework */; };
		5087E77D17EB970100C73F5D /* Default-568h@2x.png in Resources */ = {isa = PBXBuildFile; fileRef = 5087E77217EB970100C73F5D /* Default-568h@2x.png */; };
		5087E77E17EB970100C73F5D /* Default.png in Resources */ = {isa = PBXBuildFile; fileRef = 5087E77317EB970100C73F5D /* Default.png */; };
		5087E77F17EB970100C73F5D /* Default@2x.png in Resources */ = {isa = PBXBuildFile; fileRef = 5087E77417EB970100C73F5D /* Default@2x.png */; };
		5087E78017EB970100C73F5D /* Icon-114.png in Resources */ = {isa = PBXBuildFile; fileRef = 5087E77517EB970100C73F5D /* Icon-114.png */; };
		5087E78117EB970100C73F5D /* Icon-120.png in Resources */ = {isa = PBXBuildFile; fileRef = 5087E77617EB970100C73F5D /* Icon-120.png */; };
		5087E78217EB970100C73F5D /* Icon-144.png in Resources */ = {isa = PBXBuildFile; fileRef = 5087E77717EB970100C73F5D /* Icon-144.png */; };
		5087E78317EB970100C73F5D /* Icon-152.png in Resources */ = {isa = PBXBuildFile; fileRef = 5087E77817EB970100C73F5D /* Icon-152.png */; };
		5087E78417EB970100C73F5D /* Icon-57.png in Resources */ = {isa = PBXBuildFile; fileRef = 5087E77917EB970100C73F5D /* Icon-57.png */; };
		5087E78517EB970100C73F5D /* Icon-72.png in Resources */ = {isa = PBXBuildFile; fileRef = 5087E77A17EB970100C73F5D /* Icon-72.png */; };
		5087E78617EB970100C73F5D /* Icon-76.png in Resources */ = {isa = PBXBuildFile; fileRef = 5087E77B17EB970100C73F5D /* Icon-76.png */; };
		5087E78917EB974C00C73F5D /* AppKit.framework in Frameworks */ = {isa = PBXBuildFile; fileRef = 5087E78817EB974C00C73F5D /* AppKit.framework */; };
		5087E78B17EB975400C73F5D /* OpenGL.framework in Frameworks */ = {isa = PBXBuildFile; fileRef = 5087E78A17EB975400C73F5D /* OpenGL.framework */; };
		50EF629617ECD46A001EB2F8 /* Icon-40.png in Resources */ = {isa = PBXBuildFile; fileRef = 50EF629217ECD46A001EB2F8 /* Icon-40.png */; };
		50EF629717ECD46A001EB2F8 /* Icon-58.png in Resources */ = {isa = PBXBuildFile; fileRef = 50EF629317ECD46A001EB2F8 /* Icon-58.png */; };
		50EF629817ECD46A001EB2F8 /* Icon-80.png in Resources */ = {isa = PBXBuildFile; fileRef = 50EF629417ECD46A001EB2F8 /* Icon-80.png */; };
		50EF629917ECD46A001EB2F8 /* Icon-100.png in Resources */ = {isa = PBXBuildFile; fileRef = 50EF629517ECD46A001EB2F8 /* Icon-100.png */; };
		50EF62A217ECD613001EB2F8 /* Icon-29.png in Resources */ = {isa = PBXBuildFile; fileRef = 50EF62A017ECD613001EB2F8 /* Icon-29.png */; };
		50EF62A317ECD613001EB2F8 /* Icon-50.png in Resources */ = {isa = PBXBuildFile; fileRef = 50EF62A117ECD613001EB2F8 /* Icon-50.png */; };
		5D112BCF1BECCDA80030FCCF /* App42HttpClient.cpp in Sources */ = {isa = PBXBuildFile; fileRef = 5D112B4D1BECCDA80030FCCF /* App42HttpClient.cpp */; };
		5D112BD01BECCDA80030FCCF /* App42AvatarResponse.cpp in Sources */ = {isa = PBXBuildFile; fileRef = 5D112B521BECCDA80030FCCF /* App42AvatarResponse.cpp */; };
		5D112BD11BECCDA80030FCCF /* AvatarService.cpp in Sources */ = {isa = PBXBuildFile; fileRef = 5D112B541BECCDA80030FCCF /* AvatarService.cpp */; };
		5D112BD21BECCDA80030FCCF /* App42BuddyResponse.cpp in Sources */ = {isa = PBXBuildFile; fileRef = 5D112B571BECCDA80030FCCF /* App42BuddyResponse.cpp */; };
		5D112BD31BECCDA80030FCCF /* BuddyService.cpp in Sources */ = {isa = PBXBuildFile; fileRef = 5D112B591BECCDA80030FCCF /* BuddyService.cpp */; };
		5D112BD41BECCDA80030FCCF /* cJSON.cpp in Sources */ = {isa = PBXBuildFile; fileRef = 5D112B5C1BECCDA80030FCCF /* cJSON.cpp */; };
		5D112BD51BECCDA80030FCCF /* ACL.cpp in Sources */ = {isa = PBXBuildFile; fileRef = 5D112B5F1BECCDA80030FCCF /* ACL.cpp */; };
		5D112BD61BECCDA80030FCCF /* App42API.cpp in Sources */ = {isa = PBXBuildFile; fileRef = 5D112B611BECCDA80030FCCF /* App42API.cpp */; };
		5D112BD71BECCDA80030FCCF /* App42Exception.cpp in Sources */ = {isa = PBXBuildFile; fileRef = 5D112B651BECCDA80030FCCF /* App42Exception.cpp */; };
		5D112BD81BECCDA80030FCCF /* App42GeoPoint.cpp in Sources */ = {isa = PBXBuildFile; fileRef = 5D112B671BECCDA80030FCCF /* App42GeoPoint.cpp */; };
		5D112BD91BECCDA80030FCCF /* App42Object.cpp in Sources */ = {isa = PBXBuildFile; fileRef = 5D112B691BECCDA80030FCCF /* App42Object.cpp */; };
		5D112BDA1BECCDA80030FCCF /* App42Response.cpp in Sources */ = {isa = PBXBuildFile; fileRef = 5D112B6B1BECCDA80030FCCF /* App42Response.cpp */; };
		5D112BDB1BECCDA80030FCCF /* App42Service.cpp in Sources */ = {isa = PBXBuildFile; fileRef = 5D112B6D1BECCDA80030FCCF /* App42Service.cpp */; };
		5D112BDC1BECCDA80030FCCF /* JSONDocument.cpp in Sources */ = {isa = PBXBuildFile; fileRef = 5D112B6F1BECCDA80030FCCF /* JSONDocument.cpp */; };
		5D112BDD1BECCDA80030FCCF /* MetaResponse.cpp in Sources */ = {isa = PBXBuildFile; fileRef = 5D112B711BECCDA80030FCCF /* MetaResponse.cpp */; };
		5D112BDE1BECCDA80030FCCF /* app42base64.cpp in Sources */ = {isa = PBXBuildFile; fileRef = 5D112B741BECCDA80030FCCF /* app42base64.cpp */; };
		5D112BDF1BECCDA80030FCCF /* HMAC_SHA1.cpp in Sources */ = {isa = PBXBuildFile; fileRef = 5D112B761BECCDA80030FCCF /* HMAC_SHA1.cpp */; };
		5D112BE01BECCDA80030FCCF /* SHA1.cpp in Sources */ = {isa = PBXBuildFile; fileRef = 5D112B781BECCDA80030FCCF /* SHA1.cpp */; };
		5D112BE11BECCDA80030FCCF /* urlencode.cpp in Sources */ = {isa = PBXBuildFile; fileRef = 5D112B7A1BECCDA80030FCCF /* urlencode.cpp */; };
		5D112BE21BECCDA80030FCCF /* App42CustomCodeResponse.cpp in Sources */ = {isa = PBXBuildFile; fileRef = 5D112B7D1BECCDA80030FCCF /* App42CustomCodeResponse.cpp */; };
		5D112BE31BECCDA80030FCCF /* CustomCodeService.cpp in Sources */ = {isa = PBXBuildFile; fileRef = 5D112B7F1BECCDA80030FCCF /* CustomCodeService.cpp */; };
		5D112BE41BECCDA80030FCCF /* App42EmailResponse.cpp in Sources */ = {isa = PBXBuildFile; fileRef = 5D112B821BECCDA80030FCCF /* App42EmailResponse.cpp */; };
		5D112BE51BECCDA80030FCCF /* EmailService.cpp in Sources */ = {isa = PBXBuildFile; fileRef = 5D112B841BECCDA80030FCCF /* EmailService.cpp */; };
		5D112BE61BECCDA80030FCCF /* App42GameResponse.cpp in Sources */ = {isa = PBXBuildFile; fileRef = 5D112B871BECCDA80030FCCF /* App42GameResponse.cpp */; };
		5D112BE71BECCDA80030FCCF /* App42RewardResponse.cpp in Sources */ = {isa = PBXBuildFile; fileRef = 5D112B891BECCDA80030FCCF /* App42RewardResponse.cpp */; };
		5D112BE81BECCDA80030FCCF /* App42Score.cpp in Sources */ = {isa = PBXBuildFile; fileRef = 5D112B8B1BECCDA80030FCCF /* App42Score.cpp */; };
		5D112BE91BECCDA80030FCCF /* GameService.cpp in Sources */ = {isa = PBXBuildFile; fileRef = 5D112B8D1BECCDA80030FCCF /* GameService.cpp */; };
		5D112BEA1BECCDA80030FCCF /* RewardService.cpp in Sources */ = {isa = PBXBuildFile; fileRef = 5D112B8F1BECCDA80030FCCF /* RewardService.cpp */; };
		5D112BEB1BECCDA80030FCCF /* ScoreBoardService.cpp in Sources */ = {isa = PBXBuildFile; fileRef = 5D112B911BECCDA80030FCCF /* ScoreBoardService.cpp */; };
		5D112BEC1BECCDA80030FCCF /* ScoreService.cpp in Sources */ = {isa = PBXBuildFile; fileRef = 5D112B931BECCDA80030FCCF /* ScoreService.cpp */; };
		5D112BED1BECCDA80030FCCF /* App42GeoResponse.cpp in Sources */ = {isa = PBXBuildFile; fileRef = 5D112B961BECCDA80030FCCF /* App42GeoResponse.cpp */; };
		5D112BEE1BECCDA80030FCCF /* GeoService.cpp in Sources */ = {isa = PBXBuildFile; fileRef = 5D112B981BECCDA80030FCCF /* GeoService.cpp */; };
		5D112BEF1BECCDA80030FCCF /* App42PushNotificationResponse.cpp in Sources */ = {isa = PBXBuildFile; fileRef = 5D112B9B1BECCDA80030FCCF /* App42PushNotificationResponse.cpp */; };
		5D112BF01BECCDA80030FCCF /* PushNotificationService.cpp in Sources */ = {isa = PBXBuildFile; fileRef = 5D112B9D1BECCDA80030FCCF /* PushNotificationService.cpp */; };
		5D112BF11BECCDA80030FCCF /* App42SessionResponse.cpp in Sources */ = {isa = PBXBuildFile; fileRef = 5D112BA01BECCDA80030FCCF /* App42SessionResponse.cpp */; };
		5D112BF21BECCDA80030FCCF /* SessionService.cpp in Sources */ = {isa = PBXBuildFile; fileRef = 5D112BA21BECCDA80030FCCF /* SessionService.cpp */; };
		5D112BF31BECCDA80030FCCF /* App42FacebookProfile.cpp in Sources */ = {isa = PBXBuildFile; fileRef = 5D112BA51BECCDA80030FCCF /* App42FacebookProfile.cpp */; };
		5D112BF41BECCDA80030FCCF /* App42Friend.cpp in Sources */ = {isa = PBXBuildFile; fileRef = 5D112BA71BECCDA80030FCCF /* App42Friend.cpp */; };
		5D112BF51BECCDA80030FCCF /* App42PublicProfile.cpp in Sources */ = {isa = PBXBuildFile; fileRef = 5D112BA91BECCDA80030FCCF /* App42PublicProfile.cpp */; };
		5D112BF61BECCDA80030FCCF /* App42Social.cpp in Sources */ = {isa = PBXBuildFile; fileRef = 5D112BAB1BECCDA80030FCCF /* App42Social.cpp */; };
		5D112BF71BECCDA80030FCCF /* App42SocialResponse.cpp in Sources */ = {isa = PBXBuildFile; fileRef = 5D112BAD1BECCDA80030FCCF /* App42SocialResponse.cpp */; };
		5D112BF81BECCDA80030FCCF /* SocialService.cpp in Sources */ = {isa = PBXBuildFile; fileRef = 5D112BAF1BECCDA80030FCCF /* SocialService.cpp */; };
		5D112BF91BECCDA80030FCCF /* App42StorageResponse.cpp in Sources */ = {isa = PBXBuildFile; fileRef = 5D112BB21BECCDA80030FCCF /* App42StorageResponse.cpp */; };
		5D112BFA1BECCDA80030FCCF /* Query.cpp in Sources */ = {isa = PBXBuildFile; fileRef = 5D112BB41BECCDA80030FCCF /* Query.cpp */; };
		5D112BFB1BECCDA80030FCCF /* QueryBuilder.cpp in Sources */ = {isa = PBXBuildFile; fileRef = 5D112BB61BECCDA80030FCCF /* QueryBuilder.cpp */; };
		5D112BFC1BECCDA80030FCCF /* StorageService.cpp in Sources */ = {isa = PBXBuildFile; fileRef = 5D112BB81BECCDA80030FCCF /* StorageService.cpp */; };
		5D112BFD1BECCDA80030FCCF /* App42TimerResponse.cpp in Sources */ = {isa = PBXBuildFile; fileRef = 5D112BBB1BECCDA80030FCCF /* App42TimerResponse.cpp */; };
		5D112BFE1BECCDA80030FCCF /* TimerService.cpp in Sources */ = {isa = PBXBuildFile; fileRef = 5D112BBD1BECCDA80030FCCF /* TimerService.cpp */; };
		5D112BFF1BECCDA80030FCCF /* App42UploadResponse.cpp in Sources */ = {isa = PBXBuildFile; fileRef = 5D112BC01BECCDA80030FCCF /* App42UploadResponse.cpp */; };
		5D112C001BECCDA80030FCCF /* UploadService.cpp in Sources */ = {isa = PBXBuildFile; fileRef = 5D112BC21BECCDA80030FCCF /* UploadService.cpp */; };
		5D112C011BECCDA80030FCCF /* App42UserResponse.cpp in Sources */ = {isa = PBXBuildFile; fileRef = 5D112BC51BECCDA80030FCCF /* App42UserResponse.cpp */; };
		5D112C021BECCDA80030FCCF /* UserService.cpp in Sources */ = {isa = PBXBuildFile; fileRef = 5D112BC71BECCDA80030FCCF /* UserService.cpp */; };
		5D112C051BECCF270030FCCF /* TestUserService.cpp in Sources */ = {isa = PBXBuildFile; fileRef = 5D112C031BECCF270030FCCF /* TestUserService.cpp */; };
		5D112C081BECD0250030FCCF /* ResponseScene.cpp in Sources */ = {isa = PBXBuildFile; fileRef = 5D112C061BECD0250030FCCF /* ResponseScene.cpp */; };
		84D4277719C2C0C8000353C4 /* BackButton.png in Resources */ = {isa = PBXBuildFile; fileRef = 84D4277619C2C0C8000353C4 /* BackButton.png */; };
		BF171245129291EC00B8313A /* OpenGLES.framework in Frameworks */ = {isa = PBXBuildFile; fileRef = BF170DB012928DE900B8313A /* OpenGLES.framework */; };
		BF1712471292920000B8313A /* libz.dylib in Frameworks */ = {isa = PBXBuildFile; fileRef = BF170DB412928DE900B8313A /* libz.dylib */; };
		BF1C47F01293687400B63C5D /* QuartzCore.framework in Frameworks */ = {isa = PBXBuildFile; fileRef = BF1C47EA1293683800B63C5D /* QuartzCore.framework */; };
		D44C620C132DFF330009C878 /* OpenAL.framework in Frameworks */ = {isa = PBXBuildFile; fileRef = D44C620B132DFF330009C878 /* OpenAL.framework */; };
		D44C620E132DFF430009C878 /* AVFoundation.framework in Frameworks */ = {isa = PBXBuildFile; fileRef = D44C620D132DFF430009C878 /* AVFoundation.framework */; };
		D44C6210132DFF4E0009C878 /* AudioToolbox.framework in Frameworks */ = {isa = PBXBuildFile; fileRef = D44C620F132DFF4E0009C878 /* AudioToolbox.framework */; };
		D6B0611B1803AB670077942B /* CoreMotion.framework in Frameworks */ = {isa = PBXBuildFile; fileRef = D6B0611A1803AB670077942B /* CoreMotion.framework */; };
/* End PBXBuildFile section */

/* Begin PBXContainerItemProxy section */
		1AC6FAF8180E9839004C840B /* PBXContainerItemProxy */ = {
			isa = PBXContainerItemProxy;
			containerPortal = 1AC6FAE5180E9839004C840B /* cocos2d_libs.xcodeproj */;
			proxyType = 2;
			remoteGlobalIDString = 1551A33F158F2AB200E66CFE;
			remoteInfo = "cocos2dx Mac";
		};
		1AC6FAFA180E9839004C840B /* PBXContainerItemProxy */ = {
			isa = PBXContainerItemProxy;
			containerPortal = 1AC6FAE5180E9839004C840B /* cocos2d_libs.xcodeproj */;
			proxyType = 2;
			remoteGlobalIDString = A03F2FD617814595006731B9;
			remoteInfo = "cocos2dx-extensions Mac";
		};
		1AC6FAFC180E9839004C840B /* PBXContainerItemProxy */ = {
			isa = PBXContainerItemProxy;
			containerPortal = 1AC6FAE5180E9839004C840B /* cocos2d_libs.xcodeproj */;
			proxyType = 2;
			remoteGlobalIDString = A03F2CB81780BD04006731B9;
			remoteInfo = "chipmunk Mac";
		};
		1AC6FAFE180E9839004C840B /* PBXContainerItemProxy */ = {
			isa = PBXContainerItemProxy;
			containerPortal = 1AC6FAE5180E9839004C840B /* cocos2d_libs.xcodeproj */;
			proxyType = 2;
			remoteGlobalIDString = A03F2D9B1780BDF7006731B9;
			remoteInfo = "box2d Mac";
		};
		1AC6FB00180E9839004C840B /* PBXContainerItemProxy */ = {
			isa = PBXContainerItemProxy;
			containerPortal = 1AC6FAE5180E9839004C840B /* cocos2d_libs.xcodeproj */;
			proxyType = 2;
			remoteGlobalIDString = A03F2ED617814268006731B9;
			remoteInfo = "CocosDenshion Mac";
		};
		1AC6FB06180E9839004C840B /* PBXContainerItemProxy */ = {
			isa = PBXContainerItemProxy;
			containerPortal = 1AC6FAE5180E9839004C840B /* cocos2d_libs.xcodeproj */;
			proxyType = 2;
			remoteGlobalIDString = A07A4D641783777C0073F6A7;
			remoteInfo = "cocos2dx iOS";
		};
		1AC6FB08180E9839004C840B /* PBXContainerItemProxy */ = {
			isa = PBXContainerItemProxy;
			containerPortal = 1AC6FAE5180E9839004C840B /* cocos2d_libs.xcodeproj */;
			proxyType = 2;
			remoteGlobalIDString = A07A4EFC1783867C0073F6A7;
			remoteInfo = "cocos2dx-extensions iOS";
		};
		1AC6FB0A180E9839004C840B /* PBXContainerItemProxy */ = {
			isa = PBXContainerItemProxy;
			containerPortal = 1AC6FAE5180E9839004C840B /* cocos2d_libs.xcodeproj */;
			proxyType = 2;
			remoteGlobalIDString = A07A4F3B178387670073F6A7;
			remoteInfo = "chipmunk iOS";
		};
		1AC6FB0C180E9839004C840B /* PBXContainerItemProxy */ = {
			isa = PBXContainerItemProxy;
			containerPortal = 1AC6FAE5180E9839004C840B /* cocos2d_libs.xcodeproj */;
			proxyType = 2;
			remoteGlobalIDString = A07A4F9E1783876B0073F6A7;
			remoteInfo = "box2d iOS";
		};
		1AC6FB0E180E9839004C840B /* PBXContainerItemProxy */ = {
			isa = PBXContainerItemProxy;
			containerPortal = 1AC6FAE5180E9839004C840B /* cocos2d_libs.xcodeproj */;
			proxyType = 2;
			remoteGlobalIDString = A07A4FB4178387730073F6A7;
			remoteInfo = "CocosDenshion iOS";
		};
		1AC6FB15180E9959004C840B /* PBXContainerItemProxy */ = {
			isa = PBXContainerItemProxy;
			containerPortal = 1AC6FAE5180E9839004C840B /* cocos2d_libs.xcodeproj */;
			proxyType = 1;
			remoteGlobalIDString = 1551A33E158F2AB200E66CFE;
			remoteInfo = "cocos2dx Mac";
		};
		1AC6FB17180E9959004C840B /* PBXContainerItemProxy */ = {
			isa = PBXContainerItemProxy;
			containerPortal = 1AC6FAE5180E9839004C840B /* cocos2d_libs.xcodeproj */;
			proxyType = 1;
			remoteGlobalIDString = A03F2FC117814595006731B9;
			remoteInfo = "cocos2dx-extensions Mac";
		};
		1AC6FB19180E9959004C840B /* PBXContainerItemProxy */ = {
			isa = PBXContainerItemProxy;
			containerPortal = 1AC6FAE5180E9839004C840B /* cocos2d_libs.xcodeproj */;
			proxyType = 1;
			remoteGlobalIDString = A03F2B781780BD04006731B9;
			remoteInfo = "chipmunk Mac";
		};
		1AC6FB1B180E9959004C840B /* PBXContainerItemProxy */ = {
			isa = PBXContainerItemProxy;
			containerPortal = 1AC6FAE5180E9839004C840B /* cocos2d_libs.xcodeproj */;
			proxyType = 1;
			remoteGlobalIDString = A03F2E9817814268006731B9;
			remoteInfo = "CocosDenshion Mac";
		};
		1AC6FB1D180E9963004C840B /* PBXContainerItemProxy */ = {
			isa = PBXContainerItemProxy;
			containerPortal = 1AC6FAE5180E9839004C840B /* cocos2d_libs.xcodeproj */;
			proxyType = 1;
			remoteGlobalIDString = A03F2D5D1780BDF7006731B9;
			remoteInfo = "box2d Mac";
		};
		1AC6FB24180E99E1004C840B /* PBXContainerItemProxy */ = {
			isa = PBXContainerItemProxy;
			containerPortal = 1AC6FAE5180E9839004C840B /* cocos2d_libs.xcodeproj */;
			proxyType = 1;
			remoteGlobalIDString = A07A4C241783777C0073F6A7;
			remoteInfo = "cocos2dx iOS";
		};
		1AC6FB26180E99E1004C840B /* PBXContainerItemProxy */ = {
			isa = PBXContainerItemProxy;
			containerPortal = 1AC6FAE5180E9839004C840B /* cocos2d_libs.xcodeproj */;
			proxyType = 1;
			remoteGlobalIDString = A07A4E111783867C0073F6A7;
			remoteInfo = "cocos2dx-extensions iOS";
		};
		1AC6FB28180E99E1004C840B /* PBXContainerItemProxy */ = {
			isa = PBXContainerItemProxy;
			containerPortal = 1AC6FAE5180E9839004C840B /* cocos2d_libs.xcodeproj */;
			proxyType = 1;
			remoteGlobalIDString = A07A4EFD178387670073F6A7;
			remoteInfo = "chipmunk iOS";
		};
		1AC6FB2A180E99E1004C840B /* PBXContainerItemProxy */ = {
			isa = PBXContainerItemProxy;
			containerPortal = 1AC6FAE5180E9839004C840B /* cocos2d_libs.xcodeproj */;
			proxyType = 1;
			remoteGlobalIDString = A07A4F3C1783876B0073F6A7;
			remoteInfo = "box2d iOS";
		};
		1AC6FB2C180E99E1004C840B /* PBXContainerItemProxy */ = {
			isa = PBXContainerItemProxy;
			containerPortal = 1AC6FAE5180E9839004C840B /* cocos2d_libs.xcodeproj */;
			proxyType = 1;
			remoteGlobalIDString = A07A4F9F178387730073F6A7;
			remoteInfo = "CocosDenshion iOS";
		};
/* End PBXContainerItemProxy section */

/* Begin PBXFileReference section */
		1AC6FAE5180E9839004C840B /* cocos2d_libs.xcodeproj */ = {isa = PBXFileReference; lastKnownFileType = "wrapper.pb-project"; name = cocos2d_libs.xcodeproj; path = ../cocos2d/build/cocos2d_libs.xcodeproj; sourceTree = "<group>"; };
		1ACB3243164770DE00914215 /* libcurl.a */ = {isa = PBXFileReference; lastKnownFileType = archive.ar; name = libcurl.a; path = ../../cocos2dx/platform/third_party/ios/libraries/libcurl.a; sourceTree = "<group>"; };
		1AFAF8B316D35DE700DB1158 /* AppDelegate.cpp */ = {isa = PBXFileReference; fileEncoding = 4; lastKnownFileType = sourcecode.cpp.cpp; name = AppDelegate.cpp; path = ../Classes/AppDelegate.cpp; sourceTree = "<group>"; };
		1AFAF8B416D35DE700DB1158 /* AppDelegate.h */ = {isa = PBXFileReference; fileEncoding = 4; lastKnownFileType = sourcecode.c.h; name = AppDelegate.h; path = ../Classes/AppDelegate.h; sourceTree = "<group>"; };
		1AFAF8B916D35E4900DB1158 /* CloseNormal.png */ = {isa = PBXFileReference; lastKnownFileType = image.png; path = CloseNormal.png; sourceTree = "<group>"; };
		1AFAF8BA16D35E4900DB1158 /* CloseSelected.png */ = {isa = PBXFileReference; lastKnownFileType = image.png; path = CloseSelected.png; sourceTree = "<group>"; };
		1AFAF8BB16D35E4900DB1158 /* HelloWorld.png */ = {isa = PBXFileReference; lastKnownFileType = image.png; path = HelloWorld.png; sourceTree = "<group>"; };
		1D30AB110D05D00D00671497 /* Foundation.framework */ = {isa = PBXFileReference; lastKnownFileType = wrapper.framework; name = Foundation.framework; path = System/Library/Frameworks/Foundation.framework; sourceTree = SDKROOT; };
		1D6058910D05DD3D006BFB54 /* App42Cocos2dXSample iOS.app */ = {isa = PBXFileReference; explicitFileType = wrapper.application; includeInIndex = 0; path = "App42Cocos2dXSample iOS.app"; sourceTree = BUILT_PRODUCTS_DIR; };
		1DF5F4DF0D08C38300B7A737 /* UIKit.framework */ = {isa = PBXFileReference; lastKnownFileType = wrapper.framework; name = UIKit.framework; path = System/Library/Frameworks/UIKit.framework; sourceTree = SDKROOT; };
		288765A40DF7441C002DB57D /* CoreGraphics.framework */ = {isa = PBXFileReference; lastKnownFileType = wrapper.framework; name = CoreGraphics.framework; path = System/Library/Frameworks/CoreGraphics.framework; sourceTree = SDKROOT; };
		503AE0F617EB97AB00D1A890 /* Icon.icns */ = {isa = PBXFileReference; lastKnownFileType = image.icns; path = Icon.icns; sourceTree = "<group>"; };
		503AE0F717EB97AB00D1A890 /* Info.plist */ = {isa = PBXFileReference; fileEncoding = 4; lastKnownFileType = text.plist.xml; path = Info.plist; sourceTree = "<group>"; };
		503AE0FA17EB989F00D1A890 /* AppController.h */ = {isa = PBXFileReference; fileEncoding = 4; lastKnownFileType = sourcecode.c.h; name = AppController.h; path = ios/AppController.h; sourceTree = SOURCE_ROOT; };
		503AE0FB17EB989F00D1A890 /* AppController.mm */ = {isa = PBXFileReference; fileEncoding = 4; lastKnownFileType = sourcecode.cpp.objcpp; name = AppController.mm; path = ios/AppController.mm; sourceTree = SOURCE_ROOT; };
		503AE0FC17EB989F00D1A890 /* main.m */ = {isa = PBXFileReference; fileEncoding = 4; lastKnownFileType = sourcecode.c.objc; name = main.m; path = ios/main.m; sourceTree = SOURCE_ROOT; };
		503AE0FD17EB989F00D1A890 /* Prefix.pch */ = {isa = PBXFileReference; fileEncoding = 4; lastKnownFileType = sourcecode.c.h; name = Prefix.pch; path = ios/Prefix.pch; sourceTree = SOURCE_ROOT; };
		503AE0FE17EB989F00D1A890 /* RootViewController.h */ = {isa = PBXFileReference; fileEncoding = 4; lastKnownFileType = sourcecode.c.h; name = RootViewController.h; path = ios/RootViewController.h; sourceTree = SOURCE_ROOT; };
		503AE0FF17EB989F00D1A890 /* RootViewController.mm */ = {isa = PBXFileReference; fileEncoding = 4; lastKnownFileType = sourcecode.cpp.objcpp; name = RootViewController.mm; path = ios/RootViewController.mm; sourceTree = SOURCE_ROOT; };
		503AE10317EB98FF00D1A890 /* main.cpp */ = {isa = PBXFileReference; fileEncoding = 4; lastKnownFileType = sourcecode.cpp.cpp; name = main.cpp; path = mac/main.cpp; sourceTree = "<group>"; };
		503AE10417EB98FF00D1A890 /* Prefix.pch */ = {isa = PBXFileReference; fileEncoding = 4; lastKnownFileType = sourcecode.c.h; name = Prefix.pch; path = mac/Prefix.pch; sourceTree = "<group>"; };
		503AE11117EB99EE00D1A890 /* libcurl.dylib */ = {isa = PBXFileReference; lastKnownFileType = "compiled.mach-o.dylib"; name = libcurl.dylib; path = usr/lib/libcurl.dylib; sourceTree = SDKROOT; };
		503AE11A17EB9C5A00D1A890 /* IOKit.framework */ = {isa = PBXFileReference; lastKnownFileType = wrapper.framework; name = IOKit.framework; path = System/Library/Frameworks/IOKit.framework; sourceTree = SDKROOT; };
		5087E76F17EB910900C73F5D /* App42Cocos2dXSample Mac.app */ = {isa = PBXFileReference; explicitFileType = wrapper.application; includeInIndex = 0; path = "App42Cocos2dXSample Mac.app"; sourceTree = BUILT_PRODUCTS_DIR; };
		5087E77217EB970100C73F5D /* Default-568h@2x.png */ = {isa = PBXFileReference; lastKnownFileType = image.png; path = "Default-568h@2x.png"; sourceTree = "<group>"; };
		5087E77317EB970100C73F5D /* Default.png */ = {isa = PBXFileReference; lastKnownFileType = image.png; path = Default.png; sourceTree = "<group>"; };
		5087E77417EB970100C73F5D /* Default@2x.png */ = {isa = PBXFileReference; lastKnownFileType = image.png; path = "Default@2x.png"; sourceTree = "<group>"; };
		5087E77517EB970100C73F5D /* Icon-114.png */ = {isa = PBXFileReference; lastKnownFileType = image.png; path = "Icon-114.png"; sourceTree = "<group>"; };
		5087E77617EB970100C73F5D /* Icon-120.png */ = {isa = PBXFileReference; lastKnownFileType = image.png; path = "Icon-120.png"; sourceTree = "<group>"; };
		5087E77717EB970100C73F5D /* Icon-144.png */ = {isa = PBXFileReference; lastKnownFileType = image.png; path = "Icon-144.png"; sourceTree = "<group>"; };
		5087E77817EB970100C73F5D /* Icon-152.png */ = {isa = PBXFileReference; lastKnownFileType = image.png; path = "Icon-152.png"; sourceTree = "<group>"; };
		5087E77917EB970100C73F5D /* Icon-57.png */ = {isa = PBXFileReference; lastKnownFileType = image.png; path = "Icon-57.png"; sourceTree = "<group>"; };
		5087E77A17EB970100C73F5D /* Icon-72.png */ = {isa = PBXFileReference; lastKnownFileType = image.png; path = "Icon-72.png"; sourceTree = "<group>"; };
		5087E77B17EB970100C73F5D /* Icon-76.png */ = {isa = PBXFileReference; lastKnownFileType = image.png; path = "Icon-76.png"; sourceTree = "<group>"; };
		5087E77C17EB970100C73F5D /* Info.plist */ = {isa = PBXFileReference; fileEncoding = 4; lastKnownFileType = text.plist.xml; path = Info.plist; sourceTree = "<group>"; };
		5087E78817EB974C00C73F5D /* AppKit.framework */ = {isa = PBXFileReference; lastKnownFileType = wrapper.framework; name = AppKit.framework; path = System/Library/Frameworks/AppKit.framework; sourceTree = SDKROOT; };
		5087E78A17EB975400C73F5D /* OpenGL.framework */ = {isa = PBXFileReference; lastKnownFileType = wrapper.framework; name = OpenGL.framework; path = System/Library/Frameworks/OpenGL.framework; sourceTree = SDKROOT; };
		50EF629217ECD46A001EB2F8 /* Icon-40.png */ = {isa = PBXFileReference; lastKnownFileType = image.png; path = "Icon-40.png"; sourceTree = "<group>"; };
		50EF629317ECD46A001EB2F8 /* Icon-58.png */ = {isa = PBXFileReference; lastKnownFileType = image.png; path = "Icon-58.png"; sourceTree = "<group>"; };
		50EF629417ECD46A001EB2F8 /* Icon-80.png */ = {isa = PBXFileReference; lastKnownFileType = image.png; path = "Icon-80.png"; sourceTree = "<group>"; };
		50EF629517ECD46A001EB2F8 /* Icon-100.png */ = {isa = PBXFileReference; lastKnownFileType = image.png; path = "Icon-100.png"; sourceTree = "<group>"; };
		50EF62A017ECD613001EB2F8 /* Icon-29.png */ = {isa = PBXFileReference; lastKnownFileType = image.png; path = "Icon-29.png"; sourceTree = "<group>"; };
		50EF62A117ECD613001EB2F8 /* Icon-50.png */ = {isa = PBXFileReference; lastKnownFileType = image.png; path = "Icon-50.png"; sourceTree = "<group>"; };
		5D112B4D1BECCDA80030FCCF /* App42HttpClient.cpp */ = {isa = PBXFileReference; fileEncoding = 4; lastKnownFileType = sourcecode.cpp.cpp; path = App42HttpClient.cpp; sourceTree = "<group>"; };
		5D112B4E1BECCDA80030FCCF /* App42HttpClient.h */ = {isa = PBXFileReference; fileEncoding = 4; lastKnownFileType = sourcecode.c.h; path = App42HttpClient.h; sourceTree = "<group>"; };
		5D112B4F1BECCDA80030FCCF /* App42HttpRequest.h */ = {isa = PBXFileReference; fileEncoding = 4; lastKnownFileType = sourcecode.c.h; path = App42HttpRequest.h; sourceTree = "<group>"; };
		5D112B501BECCDA80030FCCF /* App42HttpResponse.h */ = {isa = PBXFileReference; fileEncoding = 4; lastKnownFileType = sourcecode.c.h; path = App42HttpResponse.h; sourceTree = "<group>"; };
		5D112B521BECCDA80030FCCF /* App42AvatarResponse.cpp */ = {isa = PBXFileReference; fileEncoding = 4; lastKnownFileType = sourcecode.cpp.cpp; path = App42AvatarResponse.cpp; sourceTree = "<group>"; };
		5D112B531BECCDA80030FCCF /* App42AvatarResponse.h */ = {isa = PBXFileReference; fileEncoding = 4; lastKnownFileType = sourcecode.c.h; path = App42AvatarResponse.h; sourceTree = "<group>"; };
		5D112B541BECCDA80030FCCF /* AvatarService.cpp */ = {isa = PBXFileReference; fileEncoding = 4; lastKnownFileType = sourcecode.cpp.cpp; path = AvatarService.cpp; sourceTree = "<group>"; };
		5D112B551BECCDA80030FCCF /* AvatarService.h */ = {isa = PBXFileReference; fileEncoding = 4; lastKnownFileType = sourcecode.c.h; path = AvatarService.h; sourceTree = "<group>"; };
		5D112B571BECCDA80030FCCF /* App42BuddyResponse.cpp */ = {isa = PBXFileReference; fileEncoding = 4; lastKnownFileType = sourcecode.cpp.cpp; path = App42BuddyResponse.cpp; sourceTree = "<group>"; };
		5D112B581BECCDA80030FCCF /* App42BuddyResponse.h */ = {isa = PBXFileReference; fileEncoding = 4; lastKnownFileType = sourcecode.c.h; path = App42BuddyResponse.h; sourceTree = "<group>"; };
		5D112B591BECCDA80030FCCF /* BuddyService.cpp */ = {isa = PBXFileReference; fileEncoding = 4; lastKnownFileType = sourcecode.cpp.cpp; path = BuddyService.cpp; sourceTree = "<group>"; };
		5D112B5A1BECCDA80030FCCF /* BuddyService.h */ = {isa = PBXFileReference; fileEncoding = 4; lastKnownFileType = sourcecode.c.h; path = BuddyService.h; sourceTree = "<group>"; };
		5D112B5C1BECCDA80030FCCF /* cJSON.cpp */ = {isa = PBXFileReference; fileEncoding = 4; lastKnownFileType = sourcecode.cpp.cpp; path = cJSON.cpp; sourceTree = "<group>"; };
		5D112B5D1BECCDA80030FCCF /* cJSON.h */ = {isa = PBXFileReference; fileEncoding = 4; lastKnownFileType = sourcecode.c.h; path = cJSON.h; sourceTree = "<group>"; };
		5D112B5F1BECCDA80030FCCF /* ACL.cpp */ = {isa = PBXFileReference; fileEncoding = 4; lastKnownFileType = sourcecode.cpp.cpp; path = ACL.cpp; sourceTree = "<group>"; };
		5D112B601BECCDA80030FCCF /* ACL.h */ = {isa = PBXFileReference; fileEncoding = 4; lastKnownFileType = sourcecode.c.h; path = ACL.h; sourceTree = "<group>"; };
		5D112B611BECCDA80030FCCF /* App42API.cpp */ = {isa = PBXFileReference; fileEncoding = 4; lastKnownFileType = sourcecode.cpp.cpp; path = App42API.cpp; sourceTree = "<group>"; };
		5D112B621BECCDA80030FCCF /* App42API.h */ = {isa = PBXFileReference; fileEncoding = 4; lastKnownFileType = sourcecode.c.h; path = App42API.h; sourceTree = "<group>"; };
		5D112B631BECCDA80030FCCF /* App42CallBack.h */ = {isa = PBXFileReference; fileEncoding = 4; lastKnownFileType = sourcecode.c.h; path = App42CallBack.h; sourceTree = "<group>"; };
		5D112B641BECCDA80030FCCF /* App42Constants.h */ = {isa = PBXFileReference; fileEncoding = 4; lastKnownFileType = sourcecode.c.h; path = App42Constants.h; sourceTree = "<group>"; };
		5D112B651BECCDA80030FCCF /* App42Exception.cpp */ = {isa = PBXFileReference; fileEncoding = 4; lastKnownFileType = sourcecode.cpp.cpp; path = App42Exception.cpp; sourceTree = "<group>"; };
		5D112B661BECCDA80030FCCF /* App42Exception.h */ = {isa = PBXFileReference; fileEncoding = 4; lastKnownFileType = sourcecode.c.h; path = App42Exception.h; sourceTree = "<group>"; };
		5D112B671BECCDA80030FCCF /* App42GeoPoint.cpp */ = {isa = PBXFileReference; fileEncoding = 4; lastKnownFileType = sourcecode.cpp.cpp; path = App42GeoPoint.cpp; sourceTree = "<group>"; };
		5D112B681BECCDA80030FCCF /* App42GeoPoint.h */ = {isa = PBXFileReference; fileEncoding = 4; lastKnownFileType = sourcecode.c.h; path = App42GeoPoint.h; sourceTree = "<group>"; };
		5D112B691BECCDA80030FCCF /* App42Object.cpp */ = {isa = PBXFileReference; fileEncoding = 4; lastKnownFileType = sourcecode.cpp.cpp; path = App42Object.cpp; sourceTree = "<group>"; };
		5D112B6A1BECCDA80030FCCF /* App42Object.h */ = {isa = PBXFileReference; fileEncoding = 4; lastKnownFileType = sourcecode.c.h; path = App42Object.h; sourceTree = "<group>"; };
		5D112B6B1BECCDA80030FCCF /* App42Response.cpp */ = {isa = PBXFileReference; fileEncoding = 4; lastKnownFileType = sourcecode.cpp.cpp; path = App42Response.cpp; sourceTree = "<group>"; };
		5D112B6C1BECCDA80030FCCF /* App42Response.h */ = {isa = PBXFileReference; fileEncoding = 4; lastKnownFileType = sourcecode.c.h; path = App42Response.h; sourceTree = "<group>"; };
		5D112B6D1BECCDA80030FCCF /* App42Service.cpp */ = {isa = PBXFileReference; fileEncoding = 4; lastKnownFileType = sourcecode.cpp.cpp; path = App42Service.cpp; sourceTree = "<group>"; };
		5D112B6E1BECCDA80030FCCF /* App42Service.h */ = {isa = PBXFileReference; fileEncoding = 4; lastKnownFileType = sourcecode.c.h; path = App42Service.h; sourceTree = "<group>"; };
		5D112B6F1BECCDA80030FCCF /* JSONDocument.cpp */ = {isa = PBXFileReference; fileEncoding = 4; lastKnownFileType = sourcecode.cpp.cpp; path = JSONDocument.cpp; sourceTree = "<group>"; };
		5D112B701BECCDA80030FCCF /* JSONDocument.h */ = {isa = PBXFileReference; fileEncoding = 4; lastKnownFileType = sourcecode.c.h; path = JSONDocument.h; sourceTree = "<group>"; };
		5D112B711BECCDA80030FCCF /* MetaResponse.cpp */ = {isa = PBXFileReference; fileEncoding = 4; lastKnownFileType = sourcecode.cpp.cpp; path = MetaResponse.cpp; sourceTree = "<group>"; };
		5D112B721BECCDA80030FCCF /* MetaResponse.h */ = {isa = PBXFileReference; fileEncoding = 4; lastKnownFileType = sourcecode.c.h; path = MetaResponse.h; sourceTree = "<group>"; };
		5D112B741BECCDA80030FCCF /* app42base64.cpp */ = {isa = PBXFileReference; fileEncoding = 4; lastKnownFileType = sourcecode.cpp.cpp; path = app42base64.cpp; sourceTree = "<group>"; };
		5D112B751BECCDA80030FCCF /* app42base64.h */ = {isa = PBXFileReference; fileEncoding = 4; lastKnownFileType = sourcecode.c.h; path = app42base64.h; sourceTree = "<group>"; };
		5D112B761BECCDA80030FCCF /* HMAC_SHA1.cpp */ = {isa = PBXFileReference; fileEncoding = 4; lastKnownFileType = sourcecode.cpp.cpp; path = HMAC_SHA1.cpp; sourceTree = "<group>"; };
		5D112B771BECCDA80030FCCF /* HMAC_SHA1.h */ = {isa = PBXFileReference; fileEncoding = 4; lastKnownFileType = sourcecode.c.h; path = HMAC_SHA1.h; sourceTree = "<group>"; };
		5D112B781BECCDA80030FCCF /* SHA1.cpp */ = {isa = PBXFileReference; fileEncoding = 4; lastKnownFileType = sourcecode.cpp.cpp; path = SHA1.cpp; sourceTree = "<group>"; };
		5D112B791BECCDA80030FCCF /* SHA1.h */ = {isa = PBXFileReference; fileEncoding = 4; lastKnownFileType = sourcecode.c.h; path = SHA1.h; sourceTree = "<group>"; };
		5D112B7A1BECCDA80030FCCF /* urlencode.cpp */ = {isa = PBXFileReference; fileEncoding = 4; lastKnownFileType = sourcecode.cpp.cpp; path = urlencode.cpp; sourceTree = "<group>"; };
		5D112B7B1BECCDA80030FCCF /* urlencode.h */ = {isa = PBXFileReference; fileEncoding = 4; lastKnownFileType = sourcecode.c.h; path = urlencode.h; sourceTree = "<group>"; };
		5D112B7D1BECCDA80030FCCF /* App42CustomCodeResponse.cpp */ = {isa = PBXFileReference; fileEncoding = 4; lastKnownFileType = sourcecode.cpp.cpp; path = App42CustomCodeResponse.cpp; sourceTree = "<group>"; };
		5D112B7E1BECCDA80030FCCF /* App42CustomCodeResponse.h */ = {isa = PBXFileReference; fileEncoding = 4; lastKnownFileType = sourcecode.c.h; path = App42CustomCodeResponse.h; sourceTree = "<group>"; };
		5D112B7F1BECCDA80030FCCF /* CustomCodeService.cpp */ = {isa = PBXFileReference; fileEncoding = 4; lastKnownFileType = sourcecode.cpp.cpp; path = CustomCodeService.cpp; sourceTree = "<group>"; };
		5D112B801BECCDA80030FCCF /* CustomCodeService.h */ = {isa = PBXFileReference; fileEncoding = 4; lastKnownFileType = sourcecode.c.h; path = CustomCodeService.h; sourceTree = "<group>"; };
		5D112B821BECCDA80030FCCF /* App42EmailResponse.cpp */ = {isa = PBXFileReference; fileEncoding = 4; lastKnownFileType = sourcecode.cpp.cpp; path = App42EmailResponse.cpp; sourceTree = "<group>"; };
		5D112B831BECCDA80030FCCF /* App42EmailResponse.h */ = {isa = PBXFileReference; fileEncoding = 4; lastKnownFileType = sourcecode.c.h; path = App42EmailResponse.h; sourceTree = "<group>"; };
		5D112B841BECCDA80030FCCF /* EmailService.cpp */ = {isa = PBXFileReference; fileEncoding = 4; lastKnownFileType = sourcecode.cpp.cpp; path = EmailService.cpp; sourceTree = "<group>"; };
		5D112B851BECCDA80030FCCF /* EmailService.h */ = {isa = PBXFileReference; fileEncoding = 4; lastKnownFileType = sourcecode.c.h; path = EmailService.h; sourceTree = "<group>"; };
		5D112B871BECCDA80030FCCF /* App42GameResponse.cpp */ = {isa = PBXFileReference; fileEncoding = 4; lastKnownFileType = sourcecode.cpp.cpp; path = App42GameResponse.cpp; sourceTree = "<group>"; };
		5D112B881BECCDA80030FCCF /* App42GameResponse.h */ = {isa = PBXFileReference; fileEncoding = 4; lastKnownFileType = sourcecode.c.h; path = App42GameResponse.h; sourceTree = "<group>"; };
		5D112B891BECCDA80030FCCF /* App42RewardResponse.cpp */ = {isa = PBXFileReference; fileEncoding = 4; lastKnownFileType = sourcecode.cpp.cpp; path = App42RewardResponse.cpp; sourceTree = "<group>"; };
		5D112B8A1BECCDA80030FCCF /* App42RewardResponse.h */ = {isa = PBXFileReference; fileEncoding = 4; lastKnownFileType = sourcecode.c.h; path = App42RewardResponse.h; sourceTree = "<group>"; };
		5D112B8B1BECCDA80030FCCF /* App42Score.cpp */ = {isa = PBXFileReference; fileEncoding = 4; lastKnownFileType = sourcecode.cpp.cpp; path = App42Score.cpp; sourceTree = "<group>"; };
		5D112B8C1BECCDA80030FCCF /* App42Score.h */ = {isa = PBXFileReference; fileEncoding = 4; lastKnownFileType = sourcecode.c.h; path = App42Score.h; sourceTree = "<group>"; };
		5D112B8D1BECCDA80030FCCF /* GameService.cpp */ = {isa = PBXFileReference; fileEncoding = 4; lastKnownFileType = sourcecode.cpp.cpp; path = GameService.cpp; sourceTree = "<group>"; };
		5D112B8E1BECCDA80030FCCF /* GameService.h */ = {isa = PBXFileReference; fileEncoding = 4; lastKnownFileType = sourcecode.c.h; path = GameService.h; sourceTree = "<group>"; };
		5D112B8F1BECCDA80030FCCF /* RewardService.cpp */ = {isa = PBXFileReference; fileEncoding = 4; lastKnownFileType = sourcecode.cpp.cpp; path = RewardService.cpp; sourceTree = "<group>"; };
		5D112B901BECCDA80030FCCF /* RewardService.h */ = {isa = PBXFileReference; fileEncoding = 4; lastKnownFileType = sourcecode.c.h; path = RewardService.h; sourceTree = "<group>"; };
		5D112B911BECCDA80030FCCF /* ScoreBoardService.cpp */ = {isa = PBXFileReference; fileEncoding = 4; lastKnownFileType = sourcecode.cpp.cpp; path = ScoreBoardService.cpp; sourceTree = "<group>"; };
		5D112B921BECCDA80030FCCF /* ScoreBoardService.h */ = {isa = PBXFileReference; fileEncoding = 4; lastKnownFileType = sourcecode.c.h; path = ScoreBoardService.h; sourceTree = "<group>"; };
		5D112B931BECCDA80030FCCF /* ScoreService.cpp */ = {isa = PBXFileReference; fileEncoding = 4; lastKnownFileType = sourcecode.cpp.cpp; path = ScoreService.cpp; sourceTree = "<group>"; };
		5D112B941BECCDA80030FCCF /* ScoreService.h */ = {isa = PBXFileReference; fileEncoding = 4; lastKnownFileType = sourcecode.c.h; path = ScoreService.h; sourceTree = "<group>"; };
		5D112B961BECCDA80030FCCF /* App42GeoResponse.cpp */ = {isa = PBXFileReference; fileEncoding = 4; lastKnownFileType = sourcecode.cpp.cpp; path = App42GeoResponse.cpp; sourceTree = "<group>"; };
		5D112B971BECCDA80030FCCF /* App42GeoResponse.h */ = {isa = PBXFileReference; fileEncoding = 4; lastKnownFileType = sourcecode.c.h; path = App42GeoResponse.h; sourceTree = "<group>"; };
		5D112B981BECCDA80030FCCF /* GeoService.cpp */ = {isa = PBXFileReference; fileEncoding = 4; lastKnownFileType = sourcecode.cpp.cpp; path = GeoService.cpp; sourceTree = "<group>"; };
		5D112B991BECCDA80030FCCF /* GeoService.h */ = {isa = PBXFileReference; fileEncoding = 4; lastKnownFileType = sourcecode.c.h; path = GeoService.h; sourceTree = "<group>"; };
		5D112B9B1BECCDA80030FCCF /* App42PushNotificationResponse.cpp */ = {isa = PBXFileReference; fileEncoding = 4; lastKnownFileType = sourcecode.cpp.cpp; path = App42PushNotificationResponse.cpp; sourceTree = "<group>"; };
		5D112B9C1BECCDA80030FCCF /* App42PushNotificationResponse.h */ = {isa = PBXFileReference; fileEncoding = 4; lastKnownFileType = sourcecode.c.h; path = App42PushNotificationResponse.h; sourceTree = "<group>"; };
		5D112B9D1BECCDA80030FCCF /* PushNotificationService.cpp */ = {isa = PBXFileReference; fileEncoding = 4; lastKnownFileType = sourcecode.cpp.cpp; path = PushNotificationService.cpp; sourceTree = "<group>"; };
		5D112B9E1BECCDA80030FCCF /* PushNotificationService.h */ = {isa = PBXFileReference; fileEncoding = 4; lastKnownFileType = sourcecode.c.h; path = PushNotificationService.h; sourceTree = "<group>"; };
		5D112BA01BECCDA80030FCCF /* App42SessionResponse.cpp */ = {isa = PBXFileReference; fileEncoding = 4; lastKnownFileType = sourcecode.cpp.cpp; path = App42SessionResponse.cpp; sourceTree = "<group>"; };
		5D112BA11BECCDA80030FCCF /* App42SessionResponse.h */ = {isa = PBXFileReference; fileEncoding = 4; lastKnownFileType = sourcecode.c.h; path = App42SessionResponse.h; sourceTree = "<group>"; };
		5D112BA21BECCDA80030FCCF /* SessionService.cpp */ = {isa = PBXFileReference; fileEncoding = 4; lastKnownFileType = sourcecode.cpp.cpp; path = SessionService.cpp; sourceTree = "<group>"; };
		5D112BA31BECCDA80030FCCF /* SessionService.h */ = {isa = PBXFileReference; fileEncoding = 4; lastKnownFileType = sourcecode.c.h; path = SessionService.h; sourceTree = "<group>"; };
		5D112BA51BECCDA80030FCCF /* App42FacebookProfile.cpp */ = {isa = PBXFileReference; fileEncoding = 4; lastKnownFileType = sourcecode.cpp.cpp; path = App42FacebookProfile.cpp; sourceTree = "<group>"; };
		5D112BA61BECCDA80030FCCF /* App42FacebookProfile.h */ = {isa = PBXFileReference; fileEncoding = 4; lastKnownFileType = sourcecode.c.h; path = App42FacebookProfile.h; sourceTree = "<group>"; };
		5D112BA71BECCDA80030FCCF /* App42Friend.cpp */ = {isa = PBXFileReference; fileEncoding = 4; lastKnownFileType = sourcecode.cpp.cpp; path = App42Friend.cpp; sourceTree = "<group>"; };
		5D112BA81BECCDA80030FCCF /* App42Friend.h */ = {isa = PBXFileReference; fileEncoding = 4; lastKnownFileType = sourcecode.c.h; path = App42Friend.h; sourceTree = "<group>"; };
		5D112BA91BECCDA80030FCCF /* App42PublicProfile.cpp */ = {isa = PBXFileReference; fileEncoding = 4; lastKnownFileType = sourcecode.cpp.cpp; path = App42PublicProfile.cpp; sourceTree = "<group>"; };
		5D112BAA1BECCDA80030FCCF /* App42PublicProfile.h */ = {isa = PBXFileReference; fileEncoding = 4; lastKnownFileType = sourcecode.c.h; path = App42PublicProfile.h; sourceTree = "<group>"; };
		5D112BAB1BECCDA80030FCCF /* App42Social.cpp */ = {isa = PBXFileReference; fileEncoding = 4; lastKnownFileType = sourcecode.cpp.cpp; path = App42Social.cpp; sourceTree = "<group>"; };
		5D112BAC1BECCDA80030FCCF /* App42Social.h */ = {isa = PBXFileReference; fileEncoding = 4; lastKnownFileType = sourcecode.c.h; path = App42Social.h; sourceTree = "<group>"; };
		5D112BAD1BECCDA80030FCCF /* App42SocialResponse.cpp */ = {isa = PBXFileReference; fileEncoding = 4; lastKnownFileType = sourcecode.cpp.cpp; path = App42SocialResponse.cpp; sourceTree = "<group>"; };
		5D112BAE1BECCDA80030FCCF /* App42SocialResponse.h */ = {isa = PBXFileReference; fileEncoding = 4; lastKnownFileType = sourcecode.c.h; path = App42SocialResponse.h; sourceTree = "<group>"; };
		5D112BAF1BECCDA80030FCCF /* SocialService.cpp */ = {isa = PBXFileReference; fileEncoding = 4; lastKnownFileType = sourcecode.cpp.cpp; path = SocialService.cpp; sourceTree = "<group>"; };
		5D112BB01BECCDA80030FCCF /* SocialService.h */ = {isa = PBXFileReference; fileEncoding = 4; lastKnownFileType = sourcecode.c.h; path = SocialService.h; sourceTree = "<group>"; };
		5D112BB21BECCDA80030FCCF /* App42StorageResponse.cpp */ = {isa = PBXFileReference; fileEncoding = 4; lastKnownFileType = sourcecode.cpp.cpp; path = App42StorageResponse.cpp; sourceTree = "<group>"; };
		5D112BB31BECCDA80030FCCF /* App42StorageResponse.h */ = {isa = PBXFileReference; fileEncoding = 4; lastKnownFileType = sourcecode.c.h; path = App42StorageResponse.h; sourceTree = "<group>"; };
		5D112BB41BECCDA80030FCCF /* Query.cpp */ = {isa = PBXFileReference; fileEncoding = 4; lastKnownFileType = sourcecode.cpp.cpp; path = Query.cpp; sourceTree = "<group>"; };
		5D112BB51BECCDA80030FCCF /* Query.h */ = {isa = PBXFileReference; fileEncoding = 4; lastKnownFileType = sourcecode.c.h; path = Query.h; sourceTree = "<group>"; };
		5D112BB61BECCDA80030FCCF /* QueryBuilder.cpp */ = {isa = PBXFileReference; fileEncoding = 4; lastKnownFileType = sourcecode.cpp.cpp; path = QueryBuilder.cpp; sourceTree = "<group>"; };
		5D112BB71BECCDA80030FCCF /* QueryBuilder.h */ = {isa = PBXFileReference; fileEncoding = 4; lastKnownFileType = sourcecode.c.h; path = QueryBuilder.h; sourceTree = "<group>"; };
		5D112BB81BECCDA80030FCCF /* StorageService.cpp */ = {isa = PBXFileReference; fileEncoding = 4; lastKnownFileType = sourcecode.cpp.cpp; path = StorageService.cpp; sourceTree = "<group>"; };
		5D112BB91BECCDA80030FCCF /* StorageService.h */ = {isa = PBXFileReference; fileEncoding = 4; lastKnownFileType = sourcecode.c.h; path = StorageService.h; sourceTree = "<group>"; };
		5D112BBB1BECCDA80030FCCF /* App42TimerResponse.cpp */ = {isa = PBXFileReference; fileEncoding = 4; lastKnownFileType = sourcecode.cpp.cpp; path = App42TimerResponse.cpp; sourceTree = "<group>"; };
		5D112BBC1BECCDA80030FCCF /* App42TimerResponse.h */ = {isa = PBXFileReference; fileEncoding = 4; lastKnownFileType = sourcecode.c.h; path = App42TimerResponse.h; sourceTree = "<group>"; };
		5D112BBD1BECCDA80030FCCF /* TimerService.cpp */ = {isa = PBXFileReference; fileEncoding = 4; lastKnownFileType = sourcecode.cpp.cpp; path = TimerService.cpp; sourceTree = "<group>"; };
		5D112BBE1BECCDA80030FCCF /* TimerService.h */ = {isa = PBXFileReference; fileEncoding = 4; lastKnownFileType = sourcecode.c.h; path = TimerService.h; sourceTree = "<group>"; };
		5D112BC01BECCDA80030FCCF /* App42UploadResponse.cpp */ = {isa = PBXFileReference; fileEncoding = 4; lastKnownFileType = sourcecode.cpp.cpp; path = App42UploadResponse.cpp; sourceTree = "<group>"; };
		5D112BC11BECCDA80030FCCF /* App42UploadResponse.h */ = {isa = PBXFileReference; fileEncoding = 4; lastKnownFileType = sourcecode.c.h; path = App42UploadResponse.h; sourceTree = "<group>"; };
		5D112BC21BECCDA80030FCCF /* UploadService.cpp */ = {isa = PBXFileReference; fileEncoding = 4; lastKnownFileType = sourcecode.cpp.cpp; path = UploadService.cpp; sourceTree = "<group>"; };
		5D112BC31BECCDA80030FCCF /* UploadService.h */ = {isa = PBXFileReference; fileEncoding = 4; lastKnownFileType = sourcecode.c.h; path = UploadService.h; sourceTree = "<group>"; };
		5D112BC51BECCDA80030FCCF /* App42UserResponse.cpp */ = {isa = PBXFileReference; fileEncoding = 4; lastKnownFileType = sourcecode.cpp.cpp; path = App42UserResponse.cpp; sourceTree = "<group>"; };
		5D112BC61BECCDA80030FCCF /* App42UserResponse.h */ = {isa = PBXFileReference; fileEncoding = 4; lastKnownFileType = sourcecode.c.h; path = App42UserResponse.h; sourceTree = "<group>"; };
		5D112BC71BECCDA80030FCCF /* UserService.cpp */ = {isa = PBXFileReference; fileEncoding = 4; lastKnownFileType = sourcecode.cpp.cpp; path = UserService.cpp; sourceTree = "<group>"; };
		5D112BC81BECCDA80030FCCF /* UserService.h */ = {isa = PBXFileReference; fileEncoding = 4; lastKnownFileType = sourcecode.c.h; path = UserService.h; sourceTree = "<group>"; };
		5D112BCA1BECCDA80030FCCF /* BodyBuilder.h */ = {isa = PBXFileReference; fileEncoding = 4; lastKnownFileType = sourcecode.c.h; path = BodyBuilder.h; sourceTree = "<group>"; };
		5D112BCB1BECCDA80030FCCF /* Common.h */ = {isa = PBXFileReference; fileEncoding = 4; lastKnownFileType = sourcecode.c.h; path = Common.h; sourceTree = "<group>"; };
		5D112BCC1BECCDA80030FCCF /* Connector.h */ = {isa = PBXFileReference; fileEncoding = 4; lastKnownFileType = sourcecode.c.h; path = Connector.h; sourceTree = "<group>"; };
		5D112BCD1BECCDA80030FCCF /* Exceptions.h */ = {isa = PBXFileReference; fileEncoding = 4; lastKnownFileType = sourcecode.c.h; path = Exceptions.h; sourceTree = "<group>"; };
		5D112BCE1BECCDA80030FCCF /* Signing.h */ = {isa = PBXFileReference; fileEncoding = 4; lastKnownFileType = sourcecode.c.h; path = Signing.h; sourceTree = "<group>"; };
		5D112C031BECCF270030FCCF /* TestUserService.cpp */ = {isa = PBXFileReference; fileEncoding = 4; lastKnownFileType = sourcecode.cpp.cpp; path = TestUserService.cpp; sourceTree = "<group>"; };
		5D112C041BECCF270030FCCF /* TestUserService.h */ = {isa = PBXFileReference; fileEncoding = 4; lastKnownFileType = sourcecode.c.h; path = TestUserService.h; sourceTree = "<group>"; };
		5D112C061BECD0250030FCCF /* ResponseScene.cpp */ = {isa = PBXFileReference; fileEncoding = 4; lastKnownFileType = sourcecode.cpp.cpp; name = ResponseScene.cpp; path = ../Classes/ResponseScene.cpp; sourceTree = "<group>"; };
		5D112C071BECD0250030FCCF /* ResponseScene.h */ = {isa = PBXFileReference; fileEncoding = 4; lastKnownFileType = sourcecode.c.h; name = ResponseScene.h; path = ../Classes/ResponseScene.h; sourceTree = "<group>"; };
		84D4277619C2C0C8000353C4 /* BackButton.png */ = {isa = PBXFileReference; lastKnownFileType = image.png; path = BackButton.png; sourceTree = "<group>"; };
		BF170DB012928DE900B8313A /* OpenGLES.framework */ = {isa = PBXFileReference; lastKnownFileType = wrapper.framework; name = OpenGLES.framework; path = System/Library/Frameworks/OpenGLES.framework; sourceTree = SDKROOT; };
		BF170DB412928DE900B8313A /* libz.dylib */ = {isa = PBXFileReference; lastKnownFileType = "compiled.mach-o.dylib"; name = libz.dylib; path = usr/lib/libz.dylib; sourceTree = SDKROOT; };
		BF1C47EA1293683800B63C5D /* QuartzCore.framework */ = {isa = PBXFileReference; lastKnownFileType = wrapper.framework; name = QuartzCore.framework; path = System/Library/Frameworks/QuartzCore.framework; sourceTree = SDKROOT; };
		D44C620B132DFF330009C878 /* OpenAL.framework */ = {isa = PBXFileReference; lastKnownFileType = wrapper.framework; name = OpenAL.framework; path = System/Library/Frameworks/OpenAL.framework; sourceTree = SDKROOT; };
		D44C620D132DFF430009C878 /* AVFoundation.framework */ = {isa = PBXFileReference; lastKnownFileType = wrapper.framework; name = AVFoundation.framework; path = System/Library/Frameworks/AVFoundation.framework; sourceTree = SDKROOT; };
		D44C620F132DFF4E0009C878 /* AudioToolbox.framework */ = {isa = PBXFileReference; lastKnownFileType = wrapper.framework; name = AudioToolbox.framework; path = System/Library/Frameworks/AudioToolbox.framework; sourceTree = SDKROOT; };
		D6B0611A1803AB670077942B /* CoreMotion.framework */ = {isa = PBXFileReference; lastKnownFileType = wrapper.framework; name = CoreMotion.framework; path = Platforms/iPhoneOS.platform/Developer/SDKs/iPhoneOS7.0.sdk/System/Library/Frameworks/CoreMotion.framework; sourceTree = DEVELOPER_DIR; };
/* End PBXFileReference section */

/* Begin PBXFrameworksBuildPhase section */
		1D60588F0D05DD3D006BFB54 /* Frameworks */ = {
			isa = PBXFrameworksBuildPhase;
			buildActionMask = 2147483647;
			files = (
				1AC6FB2E180E99EB004C840B /* libbox2d iOS.a in Frameworks */,
				1AC6FB2F180E99EB004C840B /* libchipmunk iOS.a in Frameworks */,
				1AC6FB30180E99EB004C840B /* libcocos2dx iOS.a in Frameworks */,
				1AC6FB31180E99EB004C840B /* libcocos2dx-extensions iOS.a in Frameworks */,
				1AC6FB32180E99EB004C840B /* libCocosDenshion iOS.a in Frameworks */,
				D6B0611B1803AB670077942B /* CoreMotion.framework in Frameworks */,
				1D60589F0D05DD5A006BFB54 /* Foundation.framework in Frameworks */,
				1DF5F4E00D08C38300B7A737 /* UIKit.framework in Frameworks */,
				288765A50DF7441C002DB57D /* CoreGraphics.framework in Frameworks */,
				BF171245129291EC00B8313A /* OpenGLES.framework in Frameworks */,
				BF1712471292920000B8313A /* libz.dylib in Frameworks */,
				BF1C47F01293687400B63C5D /* QuartzCore.framework in Frameworks */,
				D44C620C132DFF330009C878 /* OpenAL.framework in Frameworks */,
				D44C620E132DFF430009C878 /* AVFoundation.framework in Frameworks */,
				D44C6210132DFF4E0009C878 /* AudioToolbox.framework in Frameworks */,
			);
			runOnlyForDeploymentPostprocessing = 0;
		};
		5087E75C17EB910900C73F5D /* Frameworks */ = {
			isa = PBXFrameworksBuildPhase;
			buildActionMask = 2147483647;
			files = (
				1AC6FB1F180E996B004C840B /* libbox2d Mac.a in Frameworks */,
				1AC6FB20180E996B004C840B /* libchipmunk Mac.a in Frameworks */,
				1AC6FB21180E996B004C840B /* libcocos2dx Mac.a in Frameworks */,
				1AC6FB22180E996B004C840B /* libcocos2dx-extensions Mac.a in Frameworks */,
				1AC6FB23180E996B004C840B /* libCocosDenshion Mac.a in Frameworks */,
				503AE11217EB99EE00D1A890 /* libcurl.dylib in Frameworks */,
				5087E76717EB910900C73F5D /* libz.dylib in Frameworks */,
				503AE11B17EB9C5A00D1A890 /* IOKit.framework in Frameworks */,
				5087E78B17EB975400C73F5D /* OpenGL.framework in Frameworks */,
				5087E78917EB974C00C73F5D /* AppKit.framework in Frameworks */,
				5087E76317EB910900C73F5D /* Foundation.framework in Frameworks */,
				5087E76517EB910900C73F5D /* CoreGraphics.framework in Frameworks */,
				5087E76817EB910900C73F5D /* QuartzCore.framework in Frameworks */,
				5087E76917EB910900C73F5D /* OpenAL.framework in Frameworks */,
				5087E76A17EB910900C73F5D /* AVFoundation.framework in Frameworks */,
				5087E76B17EB910900C73F5D /* AudioToolbox.framework in Frameworks */,
			);
			runOnlyForDeploymentPostprocessing = 0;
		};
/* End PBXFrameworksBuildPhase section */

/* Begin PBXGroup section */
		080E96DDFE201D6D7F000001 /* ios */ = {
			isa = PBXGroup;
			children = (
				5087E77117EB970100C73F5D /* Icons */,
				503AE0FA17EB989F00D1A890 /* AppController.h */,
				503AE0FB17EB989F00D1A890 /* AppController.mm */,
				503AE0FC17EB989F00D1A890 /* main.m */,
				503AE0FD17EB989F00D1A890 /* Prefix.pch */,
				503AE0FE17EB989F00D1A890 /* RootViewController.h */,
				503AE0FF17EB989F00D1A890 /* RootViewController.mm */,
			);
			name = ios;
			path = Classes;
			sourceTree = "<group>";
		};
		15AA9C4015B7EC450033D6C2 /* Classes */ = {
			isa = PBXGroup;
			children = (
				1AFAF8B316D35DE700DB1158 /* AppDelegate.cpp */,
				1AFAF8B416D35DE700DB1158 /* AppDelegate.h */,
				5D112C061BECD0250030FCCF /* ResponseScene.cpp */,
				5D112C071BECD0250030FCCF /* ResponseScene.h */,
			);
			name = Classes;
			path = ../classes;
			sourceTree = "<group>";
		};
		19C28FACFE9D520D11CA2CBB /* Products */ = {
			isa = PBXGroup;
			children = (
				1D6058910D05DD3D006BFB54 /* App42Cocos2dXSample iOS.app */,
				5087E76F17EB910900C73F5D /* App42Cocos2dXSample Mac.app */,
			);
			name = Products;
			sourceTree = "<group>";
		};
		1AC6FAE6180E9839004C840B /* Products */ = {
			isa = PBXGroup;
			children = (
				1AC6FAF9180E9839004C840B /* libcocos2dx Mac.a */,
				1AC6FAFB180E9839004C840B /* libcocos2dx-extensions Mac.a */,
				1AC6FAFD180E9839004C840B /* libchipmunk Mac.a */,
				1AC6FAFF180E9839004C840B /* libbox2d Mac.a */,
				1AC6FB01180E9839004C840B /* libCocosDenshion Mac.a */,
				1AC6FB07180E9839004C840B /* libcocos2dx iOS.a */,
				1AC6FB09180E9839004C840B /* libcocos2dx-extensions iOS.a */,
				1AC6FB0B180E9839004C840B /* libchipmunk iOS.a */,
				1AC6FB0D180E9839004C840B /* libbox2d iOS.a */,
				1AC6FB0F180E9839004C840B /* libCocosDenshion iOS.a */,
			);
			name = Products;
			sourceTree = "<group>";
		};
		29B97314FDCFA39411CA2CEA /* CustomTemplate */ = {
			isa = PBXGroup;
			children = (
				5D112B4B1BECCDA80030FCCF /* App42 */,
				84D4274819C2C047000353C4 /* Tests */,
				1AC6FAE5180E9839004C840B /* cocos2d_libs.xcodeproj */,
				15AA9C4015B7EC450033D6C2 /* Classes */,
				29B97323FDCFA39411CA2CEA /* Frameworks */,
				080E96DDFE201D6D7F000001 /* ios */,
				503AE10617EB990700D1A890 /* mac */,
				19C28FACFE9D520D11CA2CBB /* Products */,
				78C7DDAA14EBA5050085D0C2 /* Resources */,
			);
			name = CustomTemplate;
			sourceTree = "<group>";
		};
		29B97323FDCFA39411CA2CEA /* Frameworks */ = {
			isa = PBXGroup;
			children = (
				D6B0611A1803AB670077942B /* CoreMotion.framework */,
				503AE11A17EB9C5A00D1A890 /* IOKit.framework */,
				503AE11117EB99EE00D1A890 /* libcurl.dylib */,
				5087E78A17EB975400C73F5D /* OpenGL.framework */,
				5087E78817EB974C00C73F5D /* AppKit.framework */,
				1ACB3243164770DE00914215 /* libcurl.a */,
				BF170DB412928DE900B8313A /* libz.dylib */,
				D44C620F132DFF4E0009C878 /* AudioToolbox.framework */,
				D44C620D132DFF430009C878 /* AVFoundation.framework */,
				288765A40DF7441C002DB57D /* CoreGraphics.framework */,
				1D30AB110D05D00D00671497 /* Foundation.framework */,
				D44C620B132DFF330009C878 /* OpenAL.framework */,
				BF170DB012928DE900B8313A /* OpenGLES.framework */,
				BF1C47EA1293683800B63C5D /* QuartzCore.framework */,
				1DF5F4DF0D08C38300B7A737 /* UIKit.framework */,
			);
			name = Frameworks;
			sourceTree = "<group>";
		};
		503AE0F517EB97AB00D1A890 /* Icons */ = {
			isa = PBXGroup;
			children = (
				503AE0F617EB97AB00D1A890 /* Icon.icns */,
				503AE0F717EB97AB00D1A890 /* Info.plist */,
			);
			name = Icons;
			path = mac;
			sourceTree = SOURCE_ROOT;
		};
		503AE10617EB990700D1A890 /* mac */ = {
			isa = PBXGroup;
			children = (
				503AE0F517EB97AB00D1A890 /* Icons */,
				503AE10317EB98FF00D1A890 /* main.cpp */,
				503AE10417EB98FF00D1A890 /* Prefix.pch */,
			);
			name = mac;
			sourceTree = "<group>";
		};
		5087E77117EB970100C73F5D /* Icons */ = {
			isa = PBXGroup;
			children = (
				5087E77217EB970100C73F5D /* Default-568h@2x.png */,
				5087E77317EB970100C73F5D /* Default.png */,
				5087E77417EB970100C73F5D /* Default@2x.png */,
				50EF62A017ECD613001EB2F8 /* Icon-29.png */,
				50EF62A117ECD613001EB2F8 /* Icon-50.png */,
				50EF629217ECD46A001EB2F8 /* Icon-40.png */,
				50EF629317ECD46A001EB2F8 /* Icon-58.png */,
				50EF629417ECD46A001EB2F8 /* Icon-80.png */,
				50EF629517ECD46A001EB2F8 /* Icon-100.png */,
				5087E77517EB970100C73F5D /* Icon-114.png */,
				5087E77617EB970100C73F5D /* Icon-120.png */,
				5087E77717EB970100C73F5D /* Icon-144.png */,
				5087E77817EB970100C73F5D /* Icon-152.png */,
				5087E77917EB970100C73F5D /* Icon-57.png */,
				5087E77A17EB970100C73F5D /* Icon-72.png */,
				5087E77B17EB970100C73F5D /* Icon-76.png */,
				5087E77C17EB970100C73F5D /* Info.plist */,
			);
			name = Icons;
			path = ios;
			sourceTree = SOURCE_ROOT;
		};
		5D112B4B1BECCDA80030FCCF /* App42 */ = {
			isa = PBXGroup;
			children = (
				5D112B4C1BECCDA80030FCCF /* App42HTTP */,
				5D112B511BECCDA80030FCCF /* AvatarService */,
				5D112B561BECCDA80030FCCF /* BuddyService */,
				5D112B5B1BECCDA80030FCCF /* cJSON */,
				5D112B5E1BECCDA80030FCCF /* Common */,
				5D112B731BECCDA80030FCCF /* Crypto */,
				5D112B7C1BECCDA80030FCCF /* CustomCodeService */,
				5D112B811BECCDA80030FCCF /* EmailService */,
				5D112B861BECCDA80030FCCF /* GameService */,
				5D112B951BECCDA80030FCCF /* GeoService */,
				5D112B9A1BECCDA80030FCCF /* PushNotificationService */,
				5D112B9F1BECCDA80030FCCF /* SessionService */,
				5D112BA41BECCDA80030FCCF /* SocialService */,
				5D112BB11BECCDA80030FCCF /* StorageService */,
				5D112BBA1BECCDA80030FCCF /* TimerService */,
				5D112BBF1BECCDA80030FCCF /* UploadService */,
				5D112BC41BECCDA80030FCCF /* UserService */,
				5D112BC91BECCDA80030FCCF /* Util */,
			);
			name = App42;
			path = ../App42;
			sourceTree = "<group>";
		};
		5D112B4C1BECCDA80030FCCF /* App42HTTP */ = {
			isa = PBXGroup;
			children = (
				5D112B4D1BECCDA80030FCCF /* App42HttpClient.cpp */,
				5D112B4E1BECCDA80030FCCF /* App42HttpClient.h */,
				5D112B4F1BECCDA80030FCCF /* App42HttpRequest.h */,
				5D112B501BECCDA80030FCCF /* App42HttpResponse.h */,
			);
			path = App42HTTP;
			sourceTree = "<group>";
		};
		5D112B511BECCDA80030FCCF /* AvatarService */ = {
			isa = PBXGroup;
			children = (
				5D112B521BECCDA80030FCCF /* App42AvatarResponse.cpp */,
				5D112B531BECCDA80030FCCF /* App42AvatarResponse.h */,
				5D112B541BECCDA80030FCCF /* AvatarService.cpp */,
				5D112B551BECCDA80030FCCF /* AvatarService.h */,
			);
			path = AvatarService;
			sourceTree = "<group>";
		};
		5D112B561BECCDA80030FCCF /* BuddyService */ = {
			isa = PBXGroup;
			children = (
				5D112B571BECCDA80030FCCF /* App42BuddyResponse.cpp */,
				5D112B581BECCDA80030FCCF /* App42BuddyResponse.h */,
				5D112B591BECCDA80030FCCF /* BuddyService.cpp */,
				5D112B5A1BECCDA80030FCCF /* BuddyService.h */,
			);
			path = BuddyService;
			sourceTree = "<group>";
		};
		5D112B5B1BECCDA80030FCCF /* cJSON */ = {
			isa = PBXGroup;
			children = (
				5D112B5C1BECCDA80030FCCF /* cJSON.cpp */,
				5D112B5D1BECCDA80030FCCF /* cJSON.h */,
			);
			path = cJSON;
			sourceTree = "<group>";
		};
		5D112B5E1BECCDA80030FCCF /* Common */ = {
			isa = PBXGroup;
			children = (
				5D112B5F1BECCDA80030FCCF /* ACL.cpp */,
				5D112B601BECCDA80030FCCF /* ACL.h */,
				5D112B611BECCDA80030FCCF /* App42API.cpp */,
				5D112B621BECCDA80030FCCF /* App42API.h */,
				5D112B631BECCDA80030FCCF /* App42CallBack.h */,
				5D112B641BECCDA80030FCCF /* App42Constants.h */,
				5D112B651BECCDA80030FCCF /* App42Exception.cpp */,
				5D112B661BECCDA80030FCCF /* App42Exception.h */,
				5D112B671BECCDA80030FCCF /* App42GeoPoint.cpp */,
				5D112B681BECCDA80030FCCF /* App42GeoPoint.h */,
				5D112B691BECCDA80030FCCF /* App42Object.cpp */,
				5D112B6A1BECCDA80030FCCF /* App42Object.h */,
				5D112B6B1BECCDA80030FCCF /* App42Response.cpp */,
				5D112B6C1BECCDA80030FCCF /* App42Response.h */,
				5D112B6D1BECCDA80030FCCF /* App42Service.cpp */,
				5D112B6E1BECCDA80030FCCF /* App42Service.h */,
				5D112B6F1BECCDA80030FCCF /* JSONDocument.cpp */,
				5D112B701BECCDA80030FCCF /* JSONDocument.h */,
				5D112B711BECCDA80030FCCF /* MetaResponse.cpp */,
				5D112B721BECCDA80030FCCF /* MetaResponse.h */,
			);
			path = Common;
			sourceTree = "<group>";
		};
		5D112B731BECCDA80030FCCF /* Crypto */ = {
			isa = PBXGroup;
			children = (
				5D112B741BECCDA80030FCCF /* app42base64.cpp */,
				5D112B751BECCDA80030FCCF /* app42base64.h */,
				5D112B761BECCDA80030FCCF /* HMAC_SHA1.cpp */,
				5D112B771BECCDA80030FCCF /* HMAC_SHA1.h */,
				5D112B781BECCDA80030FCCF /* SHA1.cpp */,
				5D112B791BECCDA80030FCCF /* SHA1.h */,
				5D112B7A1BECCDA80030FCCF /* urlencode.cpp */,
				5D112B7B1BECCDA80030FCCF /* urlencode.h */,
			);
			path = Crypto;
			sourceTree = "<group>";
		};
		5D112B7C1BECCDA80030FCCF /* CustomCodeService */ = {
			isa = PBXGroup;
			children = (
				5D112B7D1BECCDA80030FCCF /* App42CustomCodeResponse.cpp */,
				5D112B7E1BECCDA80030FCCF /* App42CustomCodeResponse.h */,
				5D112B7F1BECCDA80030FCCF /* CustomCodeService.cpp */,
				5D112B801BECCDA80030FCCF /* CustomCodeService.h */,
			);
			path = CustomCodeService;
			sourceTree = "<group>";
		};
		5D112B811BECCDA80030FCCF /* EmailService */ = {
			isa = PBXGroup;
			children = (
				5D112B821BECCDA80030FCCF /* App42EmailResponse.cpp */,
				5D112B831BECCDA80030FCCF /* App42EmailResponse.h */,
				5D112B841BECCDA80030FCCF /* EmailService.cpp */,
				5D112B851BECCDA80030FCCF /* EmailService.h */,
			);
			path = EmailService;
			sourceTree = "<group>";
		};
		5D112B861BECCDA80030FCCF /* GameService */ = {
			isa = PBXGroup;
			children = (
				5D112B871BECCDA80030FCCF /* App42GameResponse.cpp */,
				5D112B881BECCDA80030FCCF /* App42GameResponse.h */,
				5D112B891BECCDA80030FCCF /* App42RewardResponse.cpp */,
				5D112B8A1BECCDA80030FCCF /* App42RewardResponse.h */,
				5D112B8B1BECCDA80030FCCF /* App42Score.cpp */,
				5D112B8C1BECCDA80030FCCF /* App42Score.h */,
				5D112B8D1BECCDA80030FCCF /* GameService.cpp */,
				5D112B8E1BECCDA80030FCCF /* GameService.h */,
				5D112B8F1BECCDA80030FCCF /* RewardService.cpp */,
				5D112B901BECCDA80030FCCF /* RewardService.h */,
				5D112B911BECCDA80030FCCF /* ScoreBoardService.cpp */,
				5D112B921BECCDA80030FCCF /* ScoreBoardService.h */,
				5D112B931BECCDA80030FCCF /* ScoreService.cpp */,
				5D112B941BECCDA80030FCCF /* ScoreService.h */,
			);
			path = GameService;
			sourceTree = "<group>";
		};
		5D112B951BECCDA80030FCCF /* GeoService */ = {
			isa = PBXGroup;
			children = (
				5D112B961BECCDA80030FCCF /* App42GeoResponse.cpp */,
				5D112B971BECCDA80030FCCF /* App42GeoResponse.h */,
				5D112B981BECCDA80030FCCF /* GeoService.cpp */,
				5D112B991BECCDA80030FCCF /* GeoService.h */,
			);
			path = GeoService;
			sourceTree = "<group>";
		};
		5D112B9A1BECCDA80030FCCF /* PushNotificationService */ = {
			isa = PBXGroup;
			children = (
				5D112B9B1BECCDA80030FCCF /* App42PushNotificationResponse.cpp */,
				5D112B9C1BECCDA80030FCCF /* App42PushNotificationResponse.h */,
				5D112B9D1BECCDA80030FCCF /* PushNotificationService.cpp */,
				5D112B9E1BECCDA80030FCCF /* PushNotificationService.h */,
			);
			path = PushNotificationService;
			sourceTree = "<group>";
		};
		5D112B9F1BECCDA80030FCCF /* SessionService */ = {
			isa = PBXGroup;
			children = (
				5D112BA01BECCDA80030FCCF /* App42SessionResponse.cpp */,
				5D112BA11BECCDA80030FCCF /* App42SessionResponse.h */,
				5D112BA21BECCDA80030FCCF /* SessionService.cpp */,
				5D112BA31BECCDA80030FCCF /* SessionService.h */,
			);
			path = SessionService;
			sourceTree = "<group>";
		};
		5D112BA41BECCDA80030FCCF /* SocialService */ = {
			isa = PBXGroup;
			children = (
				5D112BA51BECCDA80030FCCF /* App42FacebookProfile.cpp */,
				5D112BA61BECCDA80030FCCF /* App42FacebookProfile.h */,
				5D112BA71BECCDA80030FCCF /* App42Friend.cpp */,
				5D112BA81BECCDA80030FCCF /* App42Friend.h */,
				5D112BA91BECCDA80030FCCF /* App42PublicProfile.cpp */,
				5D112BAA1BECCDA80030FCCF /* App42PublicProfile.h */,
				5D112BAB1BECCDA80030FCCF /* App42Social.cpp */,
				5D112BAC1BECCDA80030FCCF /* App42Social.h */,
				5D112BAD1BECCDA80030FCCF /* App42SocialResponse.cpp */,
				5D112BAE1BECCDA80030FCCF /* App42SocialResponse.h */,
				5D112BAF1BECCDA80030FCCF /* SocialService.cpp */,
				5D112BB01BECCDA80030FCCF /* SocialService.h */,
			);
			path = SocialService;
			sourceTree = "<group>";
		};
		5D112BB11BECCDA80030FCCF /* StorageService */ = {
			isa = PBXGroup;
			children = (
				5D112BB21BECCDA80030FCCF /* App42StorageResponse.cpp */,
				5D112BB31BECCDA80030FCCF /* App42StorageResponse.h */,
				5D112BB41BECCDA80030FCCF /* Query.cpp */,
				5D112BB51BECCDA80030FCCF /* Query.h */,
				5D112BB61BECCDA80030FCCF /* QueryBuilder.cpp */,
				5D112BB71BECCDA80030FCCF /* QueryBuilder.h */,
				5D112BB81BECCDA80030FCCF /* StorageService.cpp */,
				5D112BB91BECCDA80030FCCF /* StorageService.h */,
			);
			path = StorageService;
			sourceTree = "<group>";
		};
		5D112BBA1BECCDA80030FCCF /* TimerService */ = {
			isa = PBXGroup;
			children = (
				5D112BBB1BECCDA80030FCCF /* App42TimerResponse.cpp */,
				5D112BBC1BECCDA80030FCCF /* App42TimerResponse.h */,
				5D112BBD1BECCDA80030FCCF /* TimerService.cpp */,
				5D112BBE1BECCDA80030FCCF /* TimerService.h */,
			);
			path = TimerService;
			sourceTree = "<group>";
		};
		5D112BBF1BECCDA80030FCCF /* UploadService */ = {
			isa = PBXGroup;
			children = (
				5D112BC01BECCDA80030FCCF /* App42UploadResponse.cpp */,
				5D112BC11BECCDA80030FCCF /* App42UploadResponse.h */,
				5D112BC21BECCDA80030FCCF /* UploadService.cpp */,
				5D112BC31BECCDA80030FCCF /* UploadService.h */,
			);
			path = UploadService;
			sourceTree = "<group>";
		};
		5D112BC41BECCDA80030FCCF /* UserService */ = {
			isa = PBXGroup;
			children = (
				5D112BC51BECCDA80030FCCF /* App42UserResponse.cpp */,
				5D112BC61BECCDA80030FCCF /* App42UserResponse.h */,
				5D112BC71BECCDA80030FCCF /* UserService.cpp */,
				5D112BC81BECCDA80030FCCF /* UserService.h */,
			);
			path = UserService;
			sourceTree = "<group>";
		};
		5D112BC91BECCDA80030FCCF /* Util */ = {
			isa = PBXGroup;
			children = (
				5D112BCA1BECCDA80030FCCF /* BodyBuilder.h */,
				5D112BCB1BECCDA80030FCCF /* Common.h */,
				5D112BCC1BECCDA80030FCCF /* Connector.h */,
				5D112BCD1BECCDA80030FCCF /* Exceptions.h */,
				5D112BCE1BECCDA80030FCCF /* Signing.h */,
			);
			path = Util;
			sourceTree = "<group>";
		};
		78C7DDAA14EBA5050085D0C2 /* Resources */ = {
			isa = PBXGroup;
			children = (
				84D4277619C2C0C8000353C4 /* BackButton.png */,
				1AFAF8B916D35E4900DB1158 /* CloseNormal.png */,
				1AFAF8BA16D35E4900DB1158 /* CloseSelected.png */,
				1AFAF8BB16D35E4900DB1158 /* HelloWorld.png */,
			);
			name = Resources;
			path = ../Resources;
			sourceTree = "<group>";
		};
		84D4274819C2C047000353C4 /* Tests */ = {
			isa = PBXGroup;
			children = (
				5D112C031BECCF270030FCCF /* TestUserService.cpp */,
				5D112C041BECCF270030FCCF /* TestUserService.h */,
			);
			name = Tests;
			path = ../Tests;
			sourceTree = "<group>";
		};
/* End PBXGroup section */

/* Begin PBXNativeTarget section */
		1D6058900D05DD3D006BFB54 /* App42Cocos2dXSample iOS */ = {
			isa = PBXNativeTarget;
			buildConfigurationList = 1D6058960D05DD3E006BFB54 /* Build configuration list for PBXNativeTarget "App42Cocos2dXSample iOS" */;
			buildPhases = (
				1D60588D0D05DD3D006BFB54 /* Resources */,
				1D60588E0D05DD3D006BFB54 /* Sources */,
				1D60588F0D05DD3D006BFB54 /* Frameworks */,
			);
			buildRules = (
			);
			dependencies = (
				1AC6FB25180E99E1004C840B /* PBXTargetDependency */,
				1AC6FB27180E99E1004C840B /* PBXTargetDependency */,
				1AC6FB29180E99E1004C840B /* PBXTargetDependency */,
				1AC6FB2B180E99E1004C840B /* PBXTargetDependency */,
				1AC6FB2D180E99E1004C840B /* PBXTargetDependency */,
			);
			name = "App42Cocos2dXSample iOS";
			productName = iphone;
			productReference = 1D6058910D05DD3D006BFB54 /* App42Cocos2dXSample iOS.app */;
			productType = "com.apple.product-type.application";
		};
		5087E73D17EB910900C73F5D /* App42Cocos2dXSample Mac */ = {
			isa = PBXNativeTarget;
			buildConfigurationList = 5087E76C17EB910900C73F5D /* Build configuration list for PBXNativeTarget "App42Cocos2dXSample Mac" */;
			buildPhases = (
				5087E74817EB910900C73F5D /* Resources */,
				5087E75617EB910900C73F5D /* Sources */,
				5087E75C17EB910900C73F5D /* Frameworks */,
			);
			buildRules = (
			);
			dependencies = (
				1AC6FB1E180E9963004C840B /* PBXTargetDependency */,
				1AC6FB16180E9959004C840B /* PBXTargetDependency */,
				1AC6FB18180E9959004C840B /* PBXTargetDependency */,
				1AC6FB1A180E9959004C840B /* PBXTargetDependency */,
				1AC6FB1C180E9959004C840B /* PBXTargetDependency */,
			);
			name = "App42Cocos2dXSample Mac";
			productName = iphone;
			productReference = 5087E76F17EB910900C73F5D /* App42Cocos2dXSample Mac.app */;
			productType = "com.apple.product-type.application";
		};
/* End PBXNativeTarget section */

/* Begin PBXProject section */
		29B97313FDCFA39411CA2CEA /* Project object */ = {
			isa = PBXProject;
			attributes = {
				LastUpgradeCheck = 0500;
				TargetAttributes = {
					1D6058900D05DD3D006BFB54 = {
						DevelopmentTeam = MDDB52YB8L;
					};
				};
			};
			buildConfigurationList = C01FCF4E08A954540054247B /* Build configuration list for PBXProject "App42Cocos2dXSample" */;
			compatibilityVersion = "Xcode 3.2";
			developmentRegion = English;
			hasScannedForEncodings = 1;
			knownRegions = (
				English,
				Japanese,
				French,
				German,
			);
			mainGroup = 29B97314FDCFA39411CA2CEA /* CustomTemplate */;
			projectDirPath = "";
			projectReferences = (
				{
					ProductGroup = 1AC6FAE6180E9839004C840B /* Products */;
					ProjectRef = 1AC6FAE5180E9839004C840B /* cocos2d_libs.xcodeproj */;
				},
			);
			projectRoot = "";
			targets = (
				1D6058900D05DD3D006BFB54 /* App42Cocos2dXSample iOS */,
				5087E73D17EB910900C73F5D /* App42Cocos2dXSample Mac */,
			);
		};
/* End PBXProject section */

/* Begin PBXReferenceProxy section */
		1AC6FAF9180E9839004C840B /* libcocos2dx Mac.a */ = {
			isa = PBXReferenceProxy;
			fileType = archive.ar;
			path = "libcocos2dx Mac.a";
			remoteRef = 1AC6FAF8180E9839004C840B /* PBXContainerItemProxy */;
			sourceTree = BUILT_PRODUCTS_DIR;
		};
		1AC6FAFB180E9839004C840B /* libcocos2dx-extensions Mac.a */ = {
			isa = PBXReferenceProxy;
			fileType = archive.ar;
			path = "libcocos2dx-extensions Mac.a";
			remoteRef = 1AC6FAFA180E9839004C840B /* PBXContainerItemProxy */;
			sourceTree = BUILT_PRODUCTS_DIR;
		};
		1AC6FAFD180E9839004C840B /* libchipmunk Mac.a */ = {
			isa = PBXReferenceProxy;
			fileType = archive.ar;
			path = "libchipmunk Mac.a";
			remoteRef = 1AC6FAFC180E9839004C840B /* PBXContainerItemProxy */;
			sourceTree = BUILT_PRODUCTS_DIR;
		};
		1AC6FAFF180E9839004C840B /* libbox2d Mac.a */ = {
			isa = PBXReferenceProxy;
			fileType = archive.ar;
			path = "libbox2d Mac.a";
			remoteRef = 1AC6FAFE180E9839004C840B /* PBXContainerItemProxy */;
			sourceTree = BUILT_PRODUCTS_DIR;
		};
		1AC6FB01180E9839004C840B /* libCocosDenshion Mac.a */ = {
			isa = PBXReferenceProxy;
			fileType = archive.ar;
			path = "libCocosDenshion Mac.a";
			remoteRef = 1AC6FB00180E9839004C840B /* PBXContainerItemProxy */;
			sourceTree = BUILT_PRODUCTS_DIR;
		};
		1AC6FB07180E9839004C840B /* libcocos2dx iOS.a */ = {
			isa = PBXReferenceProxy;
			fileType = archive.ar;
			path = "libcocos2dx iOS.a";
			remoteRef = 1AC6FB06180E9839004C840B /* PBXContainerItemProxy */;
			sourceTree = BUILT_PRODUCTS_DIR;
		};
		1AC6FB09180E9839004C840B /* libcocos2dx-extensions iOS.a */ = {
			isa = PBXReferenceProxy;
			fileType = archive.ar;
			path = "libcocos2dx-extensions iOS.a";
			remoteRef = 1AC6FB08180E9839004C840B /* PBXContainerItemProxy */;
			sourceTree = BUILT_PRODUCTS_DIR;
		};
		1AC6FB0B180E9839004C840B /* libchipmunk iOS.a */ = {
			isa = PBXReferenceProxy;
			fileType = archive.ar;
			path = "libchipmunk iOS.a";
			remoteRef = 1AC6FB0A180E9839004C840B /* PBXContainerItemProxy */;
			sourceTree = BUILT_PRODUCTS_DIR;
		};
		1AC6FB0D180E9839004C840B /* libbox2d iOS.a */ = {
			isa = PBXReferenceProxy;
			fileType = archive.ar;
			path = "libbox2d iOS.a";
			remoteRef = 1AC6FB0C180E9839004C840B /* PBXContainerItemProxy */;
			sourceTree = BUILT_PRODUCTS_DIR;
		};
		1AC6FB0F180E9839004C840B /* libCocosDenshion iOS.a */ = {
			isa = PBXReferenceProxy;
			fileType = archive.ar;
			path = "libCocosDenshion iOS.a";
			remoteRef = 1AC6FB0E180E9839004C840B /* PBXContainerItemProxy */;
			sourceTree = BUILT_PRODUCTS_DIR;
		};
/* End PBXReferenceProxy section */

/* Begin PBXResourcesBuildPhase section */
		1D60588D0D05DD3D006BFB54 /* Resources */ = {
			isa = PBXResourcesBuildPhase;
			buildActionMask = 2147483647;
			files = (
				5087E78117EB970100C73F5D /* Icon-120.png in Resources */,
				5087E78617EB970100C73F5D /* Icon-76.png in Resources */,
				84D4277719C2C0C8000353C4 /* BackButton.png in Resources */,
				5087E77F17EB970100C73F5D /* Default@2x.png in Resources */,
				50EF629917ECD46A001EB2F8 /* Icon-100.png in Resources */,
				1AFAF8BC16D35E4900DB1158 /* CloseNormal.png in Resources */,
				5087E78317EB970100C73F5D /* Icon-152.png in Resources */,
				5087E77D17EB970100C73F5D /* Default-568h@2x.png in Resources */,
				5087E78517EB970100C73F5D /* Icon-72.png in Resources */,
				1AFAF8BD16D35E4900DB1158 /* CloseSelected.png in Resources */,
				50EF62A317ECD613001EB2F8 /* Icon-50.png in Resources */,
				5087E78017EB970100C73F5D /* Icon-114.png in Resources */,
				1AFAF8BE16D35E4900DB1158 /* HelloWorld.png in Resources */,
				50EF62A217ECD613001EB2F8 /* Icon-29.png in Resources */,
				50EF629617ECD46A001EB2F8 /* Icon-40.png in Resources */,
				5087E78217EB970100C73F5D /* Icon-144.png in Resources */,
				50EF629817ECD46A001EB2F8 /* Icon-80.png in Resources */,
				5087E78417EB970100C73F5D /* Icon-57.png in Resources */,
				5087E77E17EB970100C73F5D /* Default.png in Resources */,
				50EF629717ECD46A001EB2F8 /* Icon-58.png in Resources */,
			);
			runOnlyForDeploymentPostprocessing = 0;
		};
		5087E74817EB910900C73F5D /* Resources */ = {
			isa = PBXResourcesBuildPhase;
			buildActionMask = 2147483647;
			files = (
				5087E75317EB910900C73F5D /* CloseNormal.png in Resources */,
				503AE0F817EB97AB00D1A890 /* Icon.icns in Resources */,
				5087E75417EB910900C73F5D /* CloseSelected.png in Resources */,
				5087E75517EB910900C73F5D /* HelloWorld.png in Resources */,
			);
			runOnlyForDeploymentPostprocessing = 0;
		};
/* End PBXResourcesBuildPhase section */

/* Begin PBXSourcesBuildPhase section */
		1D60588E0D05DD3D006BFB54 /* Sources */ = {
			isa = PBXSourcesBuildPhase;
			buildActionMask = 2147483647;
			files = (
				5D112C051BECCF270030FCCF /* TestUserService.cpp in Sources */,
				5D112C011BECCDA80030FCCF /* App42UserResponse.cpp in Sources */,
				5D112BCF1BECCDA80030FCCF /* App42HttpClient.cpp in Sources */,
				5D112BEA1BECCDA80030FCCF /* RewardService.cpp in Sources */,
				5D112BE11BECCDA80030FCCF /* urlencode.cpp in Sources */,
				5D112BDC1BECCDA80030FCCF /* JSONDocument.cpp in Sources */,
				503AE10017EB989F00D1A890 /* AppController.mm in Sources */,
				5D112BEB1BECCDA80030FCCF /* ScoreBoardService.cpp in Sources */,
				5D112BD01BECCDA80030FCCF /* App42AvatarResponse.cpp in Sources */,
				503AE10217EB989F00D1A890 /* RootViewController.mm in Sources */,
				5D112BFA1BECCDA80030FCCF /* Query.cpp in Sources */,
				1AFAF8B716D35DE700DB1158 /* AppDelegate.cpp in Sources */,
				5D112BEC1BECCDA80030FCCF /* ScoreService.cpp in Sources */,
				5D112BFD1BECCDA80030FCCF /* App42TimerResponse.cpp in Sources */,
				5D112C021BECCDA80030FCCF /* UserService.cpp in Sources */,
				5D112BD91BECCDA80030FCCF /* App42Object.cpp in Sources */,
				5D112BF51BECCDA80030FCCF /* App42PublicProfile.cpp in Sources */,
				5D112BE01BECCDA80030FCCF /* SHA1.cpp in Sources */,
				5D112BF31BECCDA80030FCCF /* App42FacebookProfile.cpp in Sources */,
				5D112BD71BECCDA80030FCCF /* App42Exception.cpp in Sources */,
				5D112C001BECCDA80030FCCF /* UploadService.cpp in Sources */,
				5D112BD51BECCDA80030FCCF /* ACL.cpp in Sources */,
				5D112BE81BECCDA80030FCCF /* App42Score.cpp in Sources */,
				5D112BE71BECCDA80030FCCF /* App42RewardResponse.cpp in Sources */,
				5D112BD81BECCDA80030FCCF /* App42GeoPoint.cpp in Sources */,
				5D112BDD1BECCDA80030FCCF /* MetaResponse.cpp in Sources */,
				503AE10117EB989F00D1A890 /* main.m in Sources */,
				5D112BE61BECCDA80030FCCF /* App42GameResponse.cpp in Sources */,
				5D112BFB1BECCDA80030FCCF /* QueryBuilder.cpp in Sources */,
				5D112C081BECD0250030FCCF /* ResponseScene.cpp in Sources */,
				5D112BFF1BECCDA80030FCCF /* App42UploadResponse.cpp in Sources */,
				5D112BEF1BECCDA80030FCCF /* App42PushNotificationResponse.cpp in Sources */,
				5D112BD31BECCDA80030FCCF /* BuddyService.cpp in Sources */,
				5D112BE91BECCDA80030FCCF /* GameService.cpp in Sources */,
				5D112BF11BECCDA80030FCCF /* App42SessionResponse.cpp in Sources */,
				5D112BE31BECCDA80030FCCF /* CustomCodeService.cpp in Sources */,
				5D112BDE1BECCDA80030FCCF /* app42base64.cpp in Sources */,
				5D112BD21BECCDA80030FCCF /* App42BuddyResponse.cpp in Sources */,
				5D112BE21BECCDA80030FCCF /* App42CustomCodeResponse.cpp in Sources */,
				5D112BF01BECCDA80030FCCF /* PushNotificationService.cpp in Sources */,
				5D112BE51BECCDA80030FCCF /* EmailService.cpp in Sources */,
				5D112BD11BECCDA80030FCCF /* AvatarService.cpp in Sources */,
				5D112BD41BECCDA80030FCCF /* cJSON.cpp in Sources */,
				5D112BF81BECCDA80030FCCF /* SocialService.cpp in Sources */,
				5D112BF71BECCDA80030FCCF /* App42SocialResponse.cpp in Sources */,
				5D112BF91BECCDA80030FCCF /* App42StorageResponse.cpp in Sources */,
				5D112BFE1BECCDA80030FCCF /* TimerService.cpp in Sources */,
				5D112BED1BECCDA80030FCCF /* App42GeoResponse.cpp in Sources */,
				5D112BDA1BECCDA80030FCCF /* App42Response.cpp in Sources */,
				5D112BE41BECCDA80030FCCF /* App42EmailResponse.cpp in Sources */,
				5D112BF21BECCDA80030FCCF /* SessionService.cpp in Sources */,
				5D112BDF1BECCDA80030FCCF /* HMAC_SHA1.cpp in Sources */,
				5D112BD61BECCDA80030FCCF /* App42API.cpp in Sources */,
				5D112BEE1BECCDA80030FCCF /* GeoService.cpp in Sources */,
				5D112BFC1BECCDA80030FCCF /* StorageService.cpp in Sources */,
				5D112BF41BECCDA80030FCCF /* App42Friend.cpp in Sources */,
				5D112BDB1BECCDA80030FCCF /* App42Service.cpp in Sources */,
				5D112BF61BECCDA80030FCCF /* App42Social.cpp in Sources */,
			);
			runOnlyForDeploymentPostprocessing = 0;
		};
		5087E75617EB910900C73F5D /* Sources */ = {
			isa = PBXSourcesBuildPhase;
			buildActionMask = 2147483647;
			files = (
				5087E75717EB910900C73F5D /* AppDelegate.cpp in Sources */,
				503AE10517EB98FF00D1A890 /* main.cpp in Sources */,
			);
			runOnlyForDeploymentPostprocessing = 0;
		};
/* End PBXSourcesBuildPhase section */

/* Begin PBXTargetDependency section */
		1AC6FB16180E9959004C840B /* PBXTargetDependency */ = {
			isa = PBXTargetDependency;
			name = "cocos2dx Mac";
			targetProxy = 1AC6FB15180E9959004C840B /* PBXContainerItemProxy */;
		};
		1AC6FB18180E9959004C840B /* PBXTargetDependency */ = {
			isa = PBXTargetDependency;
			name = "cocos2dx-extensions Mac";
			targetProxy = 1AC6FB17180E9959004C840B /* PBXContainerItemProxy */;
		};
		1AC6FB1A180E9959004C840B /* PBXTargetDependency */ = {
			isa = PBXTargetDependency;
			name = "chipmunk Mac";
			targetProxy = 1AC6FB19180E9959004C840B /* PBXContainerItemProxy */;
		};
		1AC6FB1C180E9959004C840B /* PBXTargetDependency */ = {
			isa = PBXTargetDependency;
			name = "CocosDenshion Mac";
			targetProxy = 1AC6FB1B180E9959004C840B /* PBXContainerItemProxy */;
		};
		1AC6FB1E180E9963004C840B /* PBXTargetDependency */ = {
			isa = PBXTargetDependency;
			name = "box2d Mac";
			targetProxy = 1AC6FB1D180E9963004C840B /* PBXContainerItemProxy */;
		};
		1AC6FB25180E99E1004C840B /* PBXTargetDependency */ = {
			isa = PBXTargetDependency;
			name = "cocos2dx iOS";
			targetProxy = 1AC6FB24180E99E1004C840B /* PBXContainerItemProxy */;
		};
		1AC6FB27180E99E1004C840B /* PBXTargetDependency */ = {
			isa = PBXTargetDependency;
			name = "cocos2dx-extensions iOS";
			targetProxy = 1AC6FB26180E99E1004C840B /* PBXContainerItemProxy */;
		};
		1AC6FB29180E99E1004C840B /* PBXTargetDependency */ = {
			isa = PBXTargetDependency;
			name = "chipmunk iOS";
			targetProxy = 1AC6FB28180E99E1004C840B /* PBXContainerItemProxy */;
		};
		1AC6FB2B180E99E1004C840B /* PBXTargetDependency */ = {
			isa = PBXTargetDependency;
			name = "box2d iOS";
			targetProxy = 1AC6FB2A180E99E1004C840B /* PBXContainerItemProxy */;
		};
		1AC6FB2D180E99E1004C840B /* PBXTargetDependency */ = {
			isa = PBXTargetDependency;
			name = "CocosDenshion iOS";
			targetProxy = 1AC6FB2C180E99E1004C840B /* PBXContainerItemProxy */;
		};
/* End PBXTargetDependency section */

/* Begin XCBuildConfiguration section */
		1D6058940D05DD3E006BFB54 /* Debug */ = {
			isa = XCBuildConfiguration;
			buildSettings = {
				ALWAYS_SEARCH_USER_PATHS = YES;
				CODE_SIGN_IDENTITY = "";
				COMPRESS_PNG_FILES = NO;
				GCC_DYNAMIC_NO_PIC = NO;
				GCC_INLINES_ARE_PRIVATE_EXTERN = NO;
				GCC_PRECOMPILE_PREFIX_HEADER = YES;
				GCC_PREFIX_HEADER = ios/Prefix.pch;
				GCC_PREPROCESSOR_DEFINITIONS = (
					USE_FILE32API,
					CC_TARGET_OS_IPHONE,
					"COCOS2D_DEBUG=1",
					"CC_ENABLE_CHIPMUNK_INTEGRATION=1",
				);
				GCC_SYMBOLS_PRIVATE_EXTERN = NO;
				HEADER_SEARCH_PATHS = (
					"$(inherited)",
					"$(SRCROOT)/../cocos2d/cocos/platform/ios",
					"$(SRCROOT)/../cocos2d/cocos/platform/ios/Simulation",
				);
				INFOPLIST_FILE = ios/Info.plist;
				IPHONEOS_DEPLOYMENT_TARGET = 5.0;
				LIBRARY_SEARCH_PATHS = "";
				PROVISIONING_PROFILE = "1f37149e-3986-4c40-a0a0-744ea576da01";
				SDKROOT = iphoneos;
				TARGETED_DEVICE_FAMILY = "1,2";
				USER_HEADER_SEARCH_PATHS = "";
			};
			name = Debug;
		};
		1D6058950D05DD3E006BFB54 /* Release */ = {
			isa = XCBuildConfiguration;
			buildSettings = {
				ALWAYS_SEARCH_USER_PATHS = YES;
				CODE_SIGN_IDENTITY = "";
				COMPRESS_PNG_FILES = NO;
				GCC_INLINES_ARE_PRIVATE_EXTERN = NO;
				GCC_PRECOMPILE_PREFIX_HEADER = YES;
				GCC_PREFIX_HEADER = ios/Prefix.pch;
				GCC_PREPROCESSOR_DEFINITIONS = (
					USE_FILE32API,
					CC_TARGET_OS_IPHONE,
					"CC_ENABLE_CHIPMUNK_INTEGRATION=1",
				);
				GCC_SYMBOLS_PRIVATE_EXTERN = NO;
				HEADER_SEARCH_PATHS = (
					"$(inherited)",
					"$(SRCROOT)/../cocos2d/cocos/platform/ios",
					"$(SRCROOT)/../cocos2d/cocos/platform/ios/Simulation",
				);
				INFOPLIST_FILE = ios/Info.plist;
				IPHONEOS_DEPLOYMENT_TARGET = 5.0;
				LIBRARY_SEARCH_PATHS = "";
				PROVISIONING_PROFILE = "1f37149e-3986-4c40-a0a0-744ea576da01";
				SDKROOT = iphoneos;
				TARGETED_DEVICE_FAMILY = "1,2";
				USER_HEADER_SEARCH_PATHS = "";
			};
			name = Release;
		};
		5087E76D17EB910900C73F5D /* Debug */ = {
			isa = XCBuildConfiguration;
			buildSettings = {
				ALWAYS_SEARCH_USER_PATHS = YES;
				ARCHS = "$(ARCHS_STANDARD_64_BIT)";
				CLANG_CXX_LANGUAGE_STANDARD = "c++0x";
				CLANG_CXX_LIBRARY = "libc++";
				GCC_DYNAMIC_NO_PIC = NO;
				GCC_INLINES_ARE_PRIVATE_EXTERN = NO;
				GCC_PRECOMPILE_PREFIX_HEADER = YES;
				GCC_PREFIX_HEADER = mac/Prefix.pch;
				GCC_PREPROCESSOR_DEFINITIONS = (
					USE_FILE32API,
					CC_TARGET_OS_MAC,
					"COCOS2D_DEBUG=1",
					"CC_ENABLE_CHIPMUNK_INTEGRATION=1",
				);
				GCC_SYMBOLS_PRIVATE_EXTERN = NO;
				HEADER_SEARCH_PATHS = (
					"$(inherited)",
					"$(SRCROOT)/../cocos2d/cocos/platform/mac",
					"$(SRCROOT)/../cocos2d/external/glfw3/include/mac",
				);
				INFOPLIST_FILE = mac/Info.plist;
				LIBRARY_SEARCH_PATHS = "";
				USER_HEADER_SEARCH_PATHS = "";
			};
			name = Debug;
		};
		5087E76E17EB910900C73F5D /* Release */ = {
			isa = XCBuildConfiguration;
			buildSettings = {
				ALWAYS_SEARCH_USER_PATHS = YES;
				ARCHS = "$(ARCHS_STANDARD_64_BIT)";
				CLANG_CXX_LANGUAGE_STANDARD = "c++0x";
				CLANG_CXX_LIBRARY = "libc++";
				GCC_INLINES_ARE_PRIVATE_EXTERN = NO;
				GCC_PRECOMPILE_PREFIX_HEADER = YES;
				GCC_PREFIX_HEADER = mac/Prefix.pch;
				GCC_PREPROCESSOR_DEFINITIONS = (
					USE_FILE32API,
					CC_TARGET_OS_MAC,
					"CC_ENABLE_CHIPMUNK_INTEGRATION=1",
				);
				GCC_SYMBOLS_PRIVATE_EXTERN = NO;
				HEADER_SEARCH_PATHS = (
					"$(inherited)",
					"$(SRCROOT)/../cocos2d/cocos/platform/mac",
					"$(SRCROOT)/../cocos2d/external/glfw3/include/mac",
				);
				INFOPLIST_FILE = mac/Info.plist;
				LIBRARY_SEARCH_PATHS = "";
				USER_HEADER_SEARCH_PATHS = "";
			};
			name = Release;
		};
		C01FCF4F08A954540054247B /* Debug */ = {
			isa = XCBuildConfiguration;
			buildSettings = {
				CLANG_CXX_LANGUAGE_STANDARD = "c++0x";
				CLANG_CXX_LIBRARY = "libc++";
				COPY_PHASE_STRIP = NO;
				GCC_OPTIMIZATION_LEVEL = 0;
				GCC_WARN_ABOUT_RETURN_TYPE = YES;
				GCC_WARN_UNUSED_VARIABLE = YES;
				HEADER_SEARCH_PATHS = (
					"$(SRCROOT)/../cocos2d",
					"$(SRCROOT)/../cocos2d/cocos",
					"$(SRCROOT)/../cocos2d/cocos/base",
					"$(SRCROOT)/../cocos2d/cocos/physics",
					"$(SRCROOT)/../cocos2d/cocos/math",
					"$(SRCROOT)/../cocos2d/cocos/2d",
					"$(SRCROOT)/../cocos2d/cocos/ui",
					"$(SRCROOT)/../cocos2d/cocos/network",
					"$(SRCROOT)/../cocos2d/cocos/audio/include",
					"$(SRCROOT)/../cocos2d/cocos/editor-support",
					"$(SRCROOT)/../cocos2d/extensions",
					"$(SRCROOT)/../cocos2d/external",
					"$(SRCROOT)/../cocos2d/external/chipmunk/include/chipmunk",
					"$(SRCROOT)/../cocos2d/external/curl/include/ios",
				);
				MACOSX_DEPLOYMENT_TARGET = 10.7;
				ONLY_ACTIVE_ARCH = YES;
				PRODUCT_NAME = "$(TARGET_NAME)";
				PROVISIONING_PROFILE = "1f37149e-3986-4c40-a0a0-744ea576da01";
				SDKROOT = macosx;
			};
			name = Debug;
		};
		C01FCF5008A954540054247B /* Release */ = {
			isa = XCBuildConfiguration;
			buildSettings = {
				CLANG_CXX_LANGUAGE_STANDARD = "c++0x";
				CLANG_CXX_LIBRARY = "libc++";
				GCC_WARN_ABOUT_RETURN_TYPE = YES;
				GCC_WARN_UNUSED_VARIABLE = YES;
				HEADER_SEARCH_PATHS = (
					"$(SRCROOT)/../cocos2d",
					"$(SRCROOT)/../cocos2d/cocos",
					"$(SRCROOT)/../cocos2d/cocos/base",
					"$(SRCROOT)/../cocos2d/cocos/physics",
					"$(SRCROOT)/../cocos2d/cocos/math",
					"$(SRCROOT)/../cocos2d/cocos/2d",
					"$(SRCROOT)/../cocos2d/cocos/ui",
					"$(SRCROOT)/../cocos2d/cocos/network",
					"$(SRCROOT)/../cocos2d/cocos/audio/include",
					"$(SRCROOT)/../cocos2d/cocos/editor-support",
					"$(SRCROOT)/../cocos2d/extensions",
					"$(SRCROOT)/../cocos2d/external",
					"$(SRCROOT)/../cocos2d/external/chipmunk/include/chipmunk",
					"$(SRCROOT)/../cocos2d/external/curl/include/ios",
				);
				MACOSX_DEPLOYMENT_TARGET = 10.7;
				OTHER_CFLAGS = "-DNS_BLOCK_ASSERTIONS=1";
				PRODUCT_NAME = "$(TARGET_NAME)";
				PROVISIONING_PROFILE = "1f37149e-3986-4c40-a0a0-744ea576da01";
				SDKROOT = macosx;
				VALIDATE_PRODUCT = YES;
			};
			name = Release;
		};
/* End XCBuildConfiguration section */

/* Begin XCConfigurationList section */
		1D6058960D05DD3E006BFB54 /* Build configuration list for PBXNativeTarget "App42Cocos2dXSample iOS" */ = {
			isa = XCConfigurationList;
			buildConfigurations = (
				1D6058940D05DD3E006BFB54 /* Debug */,
				1D6058950D05DD3E006BFB54 /* Release */,
			);
			defaultConfigurationIsVisible = 0;
			defaultConfigurationName = Debug;
		};
		5087E76C17EB910900C73F5D /* Build configuration list for PBXNativeTarget "App42Cocos2dXSample Mac" */ = {
			isa = XCConfigurationList;
			buildConfigurations = (
				5087E76D17EB910900C73F5D /* Debug */,
				5087E76E17EB910900C73F5D /* Release */,
			);
			defaultConfigurationIsVisible = 0;
			defaultConfigurationName = Debug;
		};
		C01FCF4E08A954540054247B /* Build configuration list for PBXProject "App42Cocos2dXSample" */ = {
			isa = XCConfigurationList;
			buildConfigurations = (
				C01FCF4F08A954540054247B /* Debug */,
				C01FCF5008A954540054247B /* Release */,
			);
			defaultConfigurationIsVisible = 0;
			defaultConfigurationName = Debug;
		};
/* End XCConfigurationList section */
	};
	rootObject = 29B97313FDCFA39411CA2CEA /* Project object */;
}
